
Microsoft Visual Studio Solution File, Format Version 12.00
# Visual Studio Version 17
VisualStudioVersion = 17.5.33424.131
MinimumVisualStudioVersion = 10.0.40219.1
Project("{9A19103F-16F7-4668-BE54-9A1E7A4F7556}") = "FiftyOne.DeviceDetection.Examples", "Examples\ExampleBase\FiftyOne.DeviceDetection.Examples.csproj", "{A17B5FB0-F1B7-45DE-8848-5998CA4FD433}"
EndProject
Project("{2150E333-8FDC-42A3-9474-1A3956D46DE8}") = "Cloud", "Cloud", "{4F7265A0-F3B3-4533-A8B4-34F024DFE675}"
EndProject
Project("{9A19103F-16F7-4668-BE54-9A1E7A4F7556}") = "Configurator-Console", "Examples\Cloud\Configurator-Console\Configurator-Console.csproj", "{BC2687F3-B256-4EF8-AD16-ACA879A39ADB}"
EndProject
Project("{FAE04EC0-301F-11D3-BF4B-00C04F79EFBC}") = "Framework-Web", "Examples\Cloud\Framework-Web\Framework-Web.csproj", "{DB6892B3-8319-4B36-A1B9-E83E83DB37EF}"
EndProject
Project("{9A19103F-16F7-4668-BE54-9A1E7A4F7556}") = "GetAllProperties", "Examples\Cloud\GetAllProperties-Console\GetAllProperties.csproj", "{AF128118-DD68-4474-9CFA-540FB4810706}"
EndProject
Project("{9A19103F-16F7-4668-BE54-9A1E7A4F7556}") = "GettingStarted-Console", "Examples\Cloud\GettingStarted-Console\GettingStarted-Console.csproj", "{6197F325-8482-42B1-8BF9-EFD1C410B244}"
EndProject
Project("{9A19103F-16F7-4668-BE54-9A1E7A4F7556}") = "GettingStarted-Web", "Examples\Cloud\GettingStarted-Web\GettingStarted-Web.csproj", "{F3A46F9E-D48D-4EB6-BED3-5CE28AE710BC}"
EndProject
Project("{9A19103F-16F7-4668-BE54-9A1E7A4F7556}") = "Metadata-Console", "Examples\Cloud\Metadata-Console\Metadata-Console.csproj", "{9B6E2706-D2EC-45B3-8015-740B7BA62490}"
EndProject
Project("{9A19103F-16F7-4668-BE54-9A1E7A4F7556}") = "NativeModelLookup-Console", "Examples\Cloud\NativeModel-Console\NativeModelLookup-Console.csproj", "{1819AA64-EB9B-400D-B811-9E3E234F6004}"
EndProject
Project("{9A19103F-16F7-4668-BE54-9A1E7A4F7556}") = "TacLookup-Console", "Examples\Cloud\TAC-Console\TacLookup-Console.csproj", "{CD893892-6938-448D-999F-D96BDCF60BB6}"
EndProject
Project("{2150E333-8FDC-42A3-9474-1A3956D46DE8}") = "Legacy Web", "Legacy Web", "{917022FE-ECCB-443B-8FBD-56CDECA86F26}"
EndProject
Project("{9A19103F-16F7-4668-BE54-9A1E7A4F7556}") = "Cloud - Client-Hints", "Examples\Legacy Web\Cloud-UACH\Cloud - Client-Hints.csproj", "{2BF211E8-3907-4813-8E22-B2DED9ADA6E9}"
EndProject
Project("{9A19103F-16F7-4668-BE54-9A1E7A4F7556}") = "Cloud - Client-Hints Not Integrated", "Examples\Legacy Web\Cloud-UACH-manual\Cloud - Client-Hints Not Integrated.csproj", "{ED634EA5-DBA8-49B3-8216-73F55FDAFFE9}"
EndProject
Project("{9A19103F-16F7-4668-BE54-9A1E7A4F7556}") = "Client-Hints", "Examples\Legacy Web\UACH\Client-Hints.csproj", "{4CAFF57F-338A-4A87-8E3E-16106EBABAE5}"
EndProject
Project("{9A19103F-16F7-4668-BE54-9A1E7A4F7556}") = "Client-Hints Not Integrated", "Examples\Legacy Web\UACH-manual\Client-Hints Not Integrated.csproj", "{F71B6AB1-25B1-4D92-A0A2-2ABFFDEA8BFF}"
EndProject
Project("{2150E333-8FDC-42A3-9474-1A3956D46DE8}") = "OnPremise", "OnPremise", "{B1E0D0DD-0F86-4654-8B51-51855A1F6625}"
EndProject
Project("{FAE04EC0-301F-11D3-BF4B-00C04F79EFBC}") = "Framework-Web", "Examples\OnPremise\Framework-Web\Framework-Web.csproj", "{8A145E60-3FAC-421B-9EBB-732F86A07395}"
EndProject
Project("{9A19103F-16F7-4668-BE54-9A1E7A4F7556}") = "GettingStarted-Console", "Examples\OnPremise\GettingStarted-Console\GettingStarted-Console.csproj", "{4E7B369D-7153-4236-8AB5-6B7237CB8EFF}"
EndProject
Project("{9A19103F-16F7-4668-BE54-9A1E7A4F7556}") = "GettingStarted-Web", "Examples\OnPremise\GettingStarted-Web\GettingStarted-Web.csproj", "{D86EE9B8-2AF1-4EC1-8529-DE74B0E59AA1}"
EndProject
Project("{9A19103F-16F7-4668-BE54-9A1E7A4F7556}") = "MatchMetrics-Console", "Examples\OnPremise\MatchMetrics-Console\MatchMetrics-Console.csproj", "{7E67EDF8-349C-49D2-B38C-0C8EE53DF4B0}"
EndProject
Project("{9A19103F-16F7-4668-BE54-9A1E7A4F7556}") = "Metadata-Console", "Examples\OnPremise\Metadata-Console\Metadata-Console.csproj", "{6D84EDA8-5B3F-48DC-BED3-22104540108A}"
EndProject
Project("{9A19103F-16F7-4668-BE54-9A1E7A4F7556}") = "OfflineProcessing-Console", "Examples\OnPremise\OfflineProcessing-Console\OfflineProcessing-Console.csproj", "{8FFCE44C-8A03-4919-926B-40903A2F31B5}"
EndProject
Project("{9A19103F-16F7-4668-BE54-9A1E7A4F7556}") = "Performance-Console", "Examples\OnPremise\Performance-Console\Performance-Console.csproj", "{7EAE4F67-307E-4C7E-90CA-04D7D621AF9E}"
EndProject
Project("{9A19103F-16F7-4668-BE54-9A1E7A4F7556}") = "UpdateDataFile-Console", "Examples\OnPremise\UpdateDataFile-Console\UpdateDataFile-Console.csproj", "{7E1761CF-EB4E-4250-83EB-70FF87D00913}"
EndProject
Project("{2150E333-8FDC-42A3-9474-1A3956D46DE8}") = "Tests", "Tests", "{45D4A679-1AEE-4D87-BE00-3912E4D38C02}"
EndProject
Project("{9A19103F-16F7-4668-BE54-9A1E7A4F7556}") = "FiftyOne.DeviceDetection.Example.Tests.Web.OnPremise", "Tests\FiftyOne.DeviceDetection.Example.Tests.Web.OnPremise\FiftyOne.DeviceDetection.Example.Tests.Web.OnPremise.csproj", "{51D2AEB8-C299-46A2-9095-0AA602BB10EF}"
EndProject
Project("{9A19103F-16F7-4668-BE54-9A1E7A4F7556}") = "FiftyOne.DeviceDetection.Example.Tests.Web", "Tests\FiftyOne.DeviceDetection.Example.Tests.Web\FiftyOne.DeviceDetection.Example.Tests.Web.csproj", "{69E20F69-047F-4B05-B244-F6C921757CCB}"
EndProject
Project("{9A19103F-16F7-4668-BE54-9A1E7A4F7556}") = "FiftyOne.DeviceDetection.Example.Tests.Cloud", "Tests\FiftyOne.DeviceDetection.Example.Tests.Cloud\FiftyOne.DeviceDetection.Example.Tests.Cloud.csproj", "{263D011D-51A0-4DBC-B98D-AEA7CD55D2A6}"
EndProject
Project("{9A19103F-16F7-4668-BE54-9A1E7A4F7556}") = "FiftyOne.DeviceDetection.Example.Tests.OnPremise", "Tests\FiftyOne.DeviceDetection.Example.Tests.OnPremise\FiftyOne.DeviceDetection.Example.Tests.OnPremise.csproj", "{D4C9D23F-6E65-4EA9-84A1-4F5FC843DC9F}"
EndProject
Project("{9A19103F-16F7-4668-BE54-9A1E7A4F7556}") = "FiftyOne.DeviceDetection.Example.Tests.Web.Cloud", "Tests\FiftyOne.DeviceDetection.Example.Tests.Web.Cloud\FiftyOne.DeviceDetection.Example.Tests.Web.Cloud.csproj", "{543D860D-A675-4A1E-8B6E-F56A9E9B4B0E}"
EndProject
Project("{9A19103F-16F7-4668-BE54-9A1E7A4F7556}") = "GettingStarted-Web-ClientOnly", "Examples\Cloud\GettingStarted-Web-ClientOnly\GettingStarted-Web-ClientOnly.csproj", "{35BA7AA6-C5D3-4839-B84D-97C77682EA6B}"
EndProject
Project("{9A19103F-16F7-4668-BE54-9A1E7A4F7556}") = "FiftyOne.DeviceDetection.Example.Tests.Web.Cloud.ClientOnly", "Tests\FiftyOne.DeviceDetection.Example.Tests.Web.Cloud.ClientOnly\FiftyOne.DeviceDetection.Example.Tests.Web.Cloud.ClientOnly.csproj", "{922D8D0B-27D0-4CA5-AE21-3E650B958B1A}"
EndProject
Global
	GlobalSection(SolutionConfigurationPlatforms) = preSolution
		CoreDebug|Any CPU = CoreDebug|Any CPU
		CoreDebug|x64 = CoreDebug|x64
		CoreDebug|x86 = CoreDebug|x86
		CoreRelease|Any CPU = CoreRelease|Any CPU
		CoreRelease|x64 = CoreRelease|x64
		CoreRelease|x86 = CoreRelease|x86
		Debug|Any CPU = Debug|Any CPU
		Debug|x64 = Debug|x64
		Debug|x86 = Debug|x86
		Release|Any CPU = Release|Any CPU
		Release|x64 = Release|x64
		Release|x86 = Release|x86
	EndGlobalSection
	GlobalSection(ProjectConfigurationPlatforms) = postSolution
		{A17B5FB0-F1B7-45DE-8848-5998CA4FD433}.CoreDebug|Any CPU.ActiveCfg = Debug|Any CPU
		{A17B5FB0-F1B7-45DE-8848-5998CA4FD433}.CoreDebug|Any CPU.Build.0 = Debug|Any CPU
		{A17B5FB0-F1B7-45DE-8848-5998CA4FD433}.CoreDebug|x64.ActiveCfg = Debug|x64
		{A17B5FB0-F1B7-45DE-8848-5998CA4FD433}.CoreDebug|x64.Build.0 = Debug|x64
		{A17B5FB0-F1B7-45DE-8848-5998CA4FD433}.CoreDebug|x86.ActiveCfg = Debug|x86
		{A17B5FB0-F1B7-45DE-8848-5998CA4FD433}.CoreDebug|x86.Build.0 = Debug|x86
		{A17B5FB0-F1B7-45DE-8848-5998CA4FD433}.CoreRelease|Any CPU.ActiveCfg = Release|Any CPU
		{A17B5FB0-F1B7-45DE-8848-5998CA4FD433}.CoreRelease|Any CPU.Build.0 = Release|Any CPU
		{A17B5FB0-F1B7-45DE-8848-5998CA4FD433}.CoreRelease|x64.ActiveCfg = Release|x64
		{A17B5FB0-F1B7-45DE-8848-5998CA4FD433}.CoreRelease|x64.Build.0 = Release|x64
		{A17B5FB0-F1B7-45DE-8848-5998CA4FD433}.CoreRelease|x86.ActiveCfg = Release|x86
		{A17B5FB0-F1B7-45DE-8848-5998CA4FD433}.CoreRelease|x86.Build.0 = Release|x86
		{A17B5FB0-F1B7-45DE-8848-5998CA4FD433}.Debug|Any CPU.ActiveCfg = Debug|Any CPU
		{A17B5FB0-F1B7-45DE-8848-5998CA4FD433}.Debug|Any CPU.Build.0 = Debug|Any CPU
		{A17B5FB0-F1B7-45DE-8848-5998CA4FD433}.Debug|x64.ActiveCfg = Debug|x64
		{A17B5FB0-F1B7-45DE-8848-5998CA4FD433}.Debug|x64.Build.0 = Debug|x64
		{A17B5FB0-F1B7-45DE-8848-5998CA4FD433}.Debug|x86.ActiveCfg = Debug|x86
		{A17B5FB0-F1B7-45DE-8848-5998CA4FD433}.Debug|x86.Build.0 = Debug|x86
		{A17B5FB0-F1B7-45DE-8848-5998CA4FD433}.Release|Any CPU.ActiveCfg = Release|Any CPU
		{A17B5FB0-F1B7-45DE-8848-5998CA4FD433}.Release|Any CPU.Build.0 = Release|Any CPU
		{A17B5FB0-F1B7-45DE-8848-5998CA4FD433}.Release|x64.ActiveCfg = Release|x64
		{A17B5FB0-F1B7-45DE-8848-5998CA4FD433}.Release|x64.Build.0 = Release|x64
		{A17B5FB0-F1B7-45DE-8848-5998CA4FD433}.Release|x86.ActiveCfg = Release|x86
		{A17B5FB0-F1B7-45DE-8848-5998CA4FD433}.Release|x86.Build.0 = Release|x86
		{BC2687F3-B256-4EF8-AD16-ACA879A39ADB}.CoreDebug|Any CPU.ActiveCfg = Debug|Any CPU
		{BC2687F3-B256-4EF8-AD16-ACA879A39ADB}.CoreDebug|Any CPU.Build.0 = Debug|Any CPU
		{BC2687F3-B256-4EF8-AD16-ACA879A39ADB}.CoreDebug|x64.ActiveCfg = Debug|x64
		{BC2687F3-B256-4EF8-AD16-ACA879A39ADB}.CoreDebug|x64.Build.0 = Debug|x64
		{BC2687F3-B256-4EF8-AD16-ACA879A39ADB}.CoreDebug|x86.ActiveCfg = Debug|x86
		{BC2687F3-B256-4EF8-AD16-ACA879A39ADB}.CoreDebug|x86.Build.0 = Debug|x86
		{BC2687F3-B256-4EF8-AD16-ACA879A39ADB}.CoreRelease|Any CPU.ActiveCfg = Release|Any CPU
		{BC2687F3-B256-4EF8-AD16-ACA879A39ADB}.CoreRelease|Any CPU.Build.0 = Release|Any CPU
		{BC2687F3-B256-4EF8-AD16-ACA879A39ADB}.CoreRelease|x64.ActiveCfg = Release|x64
		{BC2687F3-B256-4EF8-AD16-ACA879A39ADB}.CoreRelease|x64.Build.0 = Release|x64
		{BC2687F3-B256-4EF8-AD16-ACA879A39ADB}.CoreRelease|x86.ActiveCfg = Release|x86
		{BC2687F3-B256-4EF8-AD16-ACA879A39ADB}.CoreRelease|x86.Build.0 = Release|x86
		{BC2687F3-B256-4EF8-AD16-ACA879A39ADB}.Debug|Any CPU.ActiveCfg = Debug|Any CPU
		{BC2687F3-B256-4EF8-AD16-ACA879A39ADB}.Debug|Any CPU.Build.0 = Debug|Any CPU
		{BC2687F3-B256-4EF8-AD16-ACA879A39ADB}.Debug|x64.ActiveCfg = Debug|x64
		{BC2687F3-B256-4EF8-AD16-ACA879A39ADB}.Debug|x64.Build.0 = Debug|x64
		{BC2687F3-B256-4EF8-AD16-ACA879A39ADB}.Debug|x86.ActiveCfg = Debug|x86
		{BC2687F3-B256-4EF8-AD16-ACA879A39ADB}.Debug|x86.Build.0 = Debug|x86
		{BC2687F3-B256-4EF8-AD16-ACA879A39ADB}.Release|Any CPU.ActiveCfg = Release|Any CPU
		{BC2687F3-B256-4EF8-AD16-ACA879A39ADB}.Release|Any CPU.Build.0 = Release|Any CPU
		{BC2687F3-B256-4EF8-AD16-ACA879A39ADB}.Release|x64.ActiveCfg = Release|x64
		{BC2687F3-B256-4EF8-AD16-ACA879A39ADB}.Release|x64.Build.0 = Release|x64
		{BC2687F3-B256-4EF8-AD16-ACA879A39ADB}.Release|x86.ActiveCfg = Release|x86
		{BC2687F3-B256-4EF8-AD16-ACA879A39ADB}.Release|x86.Build.0 = Release|x86
		{DB6892B3-8319-4B36-A1B9-E83E83DB37EF}.CoreDebug|Any CPU.ActiveCfg = Debug|Any CPU
		{DB6892B3-8319-4B36-A1B9-E83E83DB37EF}.CoreDebug|x64.ActiveCfg = Debug|x64
		{DB6892B3-8319-4B36-A1B9-E83E83DB37EF}.CoreDebug|x86.ActiveCfg = Debug|x86
		{DB6892B3-8319-4B36-A1B9-E83E83DB37EF}.CoreRelease|Any CPU.ActiveCfg = Release|Any CPU
		{DB6892B3-8319-4B36-A1B9-E83E83DB37EF}.CoreRelease|x64.ActiveCfg = Release|x64
		{DB6892B3-8319-4B36-A1B9-E83E83DB37EF}.CoreRelease|x86.ActiveCfg = Release|x86
		{DB6892B3-8319-4B36-A1B9-E83E83DB37EF}.Debug|Any CPU.ActiveCfg = Debug|Any CPU
		{DB6892B3-8319-4B36-A1B9-E83E83DB37EF}.Debug|Any CPU.Build.0 = Debug|Any CPU
		{DB6892B3-8319-4B36-A1B9-E83E83DB37EF}.Debug|x64.ActiveCfg = Debug|x64
		{DB6892B3-8319-4B36-A1B9-E83E83DB37EF}.Debug|x64.Build.0 = Debug|x64
		{DB6892B3-8319-4B36-A1B9-E83E83DB37EF}.Debug|x86.ActiveCfg = Debug|x86
		{DB6892B3-8319-4B36-A1B9-E83E83DB37EF}.Debug|x86.Build.0 = Debug|x86
		{DB6892B3-8319-4B36-A1B9-E83E83DB37EF}.Release|Any CPU.ActiveCfg = Release|Any CPU
		{DB6892B3-8319-4B36-A1B9-E83E83DB37EF}.Release|Any CPU.Build.0 = Release|Any CPU
		{DB6892B3-8319-4B36-A1B9-E83E83DB37EF}.Release|x64.ActiveCfg = Release|x64
		{DB6892B3-8319-4B36-A1B9-E83E83DB37EF}.Release|x64.Build.0 = Release|x64
		{DB6892B3-8319-4B36-A1B9-E83E83DB37EF}.Release|x86.ActiveCfg = Release|x86
		{DB6892B3-8319-4B36-A1B9-E83E83DB37EF}.Release|x86.Build.0 = Release|x86
		{AF128118-DD68-4474-9CFA-540FB4810706}.CoreDebug|Any CPU.ActiveCfg = Debug|Any CPU
		{AF128118-DD68-4474-9CFA-540FB4810706}.CoreDebug|Any CPU.Build.0 = Debug|Any CPU
		{AF128118-DD68-4474-9CFA-540FB4810706}.CoreDebug|x64.ActiveCfg = Debug|x64
		{AF128118-DD68-4474-9CFA-540FB4810706}.CoreDebug|x64.Build.0 = Debug|x64
		{AF128118-DD68-4474-9CFA-540FB4810706}.CoreDebug|x86.ActiveCfg = Debug|x86
		{AF128118-DD68-4474-9CFA-540FB4810706}.CoreDebug|x86.Build.0 = Debug|x86
		{AF128118-DD68-4474-9CFA-540FB4810706}.CoreRelease|Any CPU.ActiveCfg = Release|Any CPU
		{AF128118-DD68-4474-9CFA-540FB4810706}.CoreRelease|Any CPU.Build.0 = Release|Any CPU
		{AF128118-DD68-4474-9CFA-540FB4810706}.CoreRelease|x64.ActiveCfg = Release|x64
		{AF128118-DD68-4474-9CFA-540FB4810706}.CoreRelease|x64.Build.0 = Release|x64
		{AF128118-DD68-4474-9CFA-540FB4810706}.CoreRelease|x86.ActiveCfg = Release|x86
		{AF128118-DD68-4474-9CFA-540FB4810706}.CoreRelease|x86.Build.0 = Release|x86
		{AF128118-DD68-4474-9CFA-540FB4810706}.Debug|Any CPU.ActiveCfg = Debug|Any CPU
		{AF128118-DD68-4474-9CFA-540FB4810706}.Debug|Any CPU.Build.0 = Debug|Any CPU
		{AF128118-DD68-4474-9CFA-540FB4810706}.Debug|x64.ActiveCfg = Debug|x64
		{AF128118-DD68-4474-9CFA-540FB4810706}.Debug|x64.Build.0 = Debug|x64
		{AF128118-DD68-4474-9CFA-540FB4810706}.Debug|x86.ActiveCfg = Debug|x86
		{AF128118-DD68-4474-9CFA-540FB4810706}.Debug|x86.Build.0 = Debug|x86
		{AF128118-DD68-4474-9CFA-540FB4810706}.Release|Any CPU.ActiveCfg = Release|Any CPU
		{AF128118-DD68-4474-9CFA-540FB4810706}.Release|Any CPU.Build.0 = Release|Any CPU
		{AF128118-DD68-4474-9CFA-540FB4810706}.Release|x64.ActiveCfg = Release|x64
		{AF128118-DD68-4474-9CFA-540FB4810706}.Release|x64.Build.0 = Release|x64
		{AF128118-DD68-4474-9CFA-540FB4810706}.Release|x86.ActiveCfg = Release|x86
		{AF128118-DD68-4474-9CFA-540FB4810706}.Release|x86.Build.0 = Release|x86
		{6197F325-8482-42B1-8BF9-EFD1C410B244}.CoreDebug|Any CPU.ActiveCfg = Debug|Any CPU
		{6197F325-8482-42B1-8BF9-EFD1C410B244}.CoreDebug|Any CPU.Build.0 = Debug|Any CPU
		{6197F325-8482-42B1-8BF9-EFD1C410B244}.CoreDebug|x64.ActiveCfg = Debug|x64
		{6197F325-8482-42B1-8BF9-EFD1C410B244}.CoreDebug|x64.Build.0 = Debug|x64
		{6197F325-8482-42B1-8BF9-EFD1C410B244}.CoreDebug|x86.ActiveCfg = Debug|x86
		{6197F325-8482-42B1-8BF9-EFD1C410B244}.CoreDebug|x86.Build.0 = Debug|x86
		{6197F325-8482-42B1-8BF9-EFD1C410B244}.CoreRelease|Any CPU.ActiveCfg = Release|Any CPU
		{6197F325-8482-42B1-8BF9-EFD1C410B244}.CoreRelease|Any CPU.Build.0 = Release|Any CPU
		{6197F325-8482-42B1-8BF9-EFD1C410B244}.CoreRelease|x64.ActiveCfg = Release|x64
		{6197F325-8482-42B1-8BF9-EFD1C410B244}.CoreRelease|x64.Build.0 = Release|x64
		{6197F325-8482-42B1-8BF9-EFD1C410B244}.CoreRelease|x86.ActiveCfg = Release|x86
		{6197F325-8482-42B1-8BF9-EFD1C410B244}.CoreRelease|x86.Build.0 = Release|x86
		{6197F325-8482-42B1-8BF9-EFD1C410B244}.Debug|Any CPU.ActiveCfg = Debug|Any CPU
		{6197F325-8482-42B1-8BF9-EFD1C410B244}.Debug|Any CPU.Build.0 = Debug|Any CPU
		{6197F325-8482-42B1-8BF9-EFD1C410B244}.Debug|x64.ActiveCfg = Debug|x64
		{6197F325-8482-42B1-8BF9-EFD1C410B244}.Debug|x64.Build.0 = Debug|x64
		{6197F325-8482-42B1-8BF9-EFD1C410B244}.Debug|x86.ActiveCfg = Debug|x86
		{6197F325-8482-42B1-8BF9-EFD1C410B244}.Debug|x86.Build.0 = Debug|x86
		{6197F325-8482-42B1-8BF9-EFD1C410B244}.Release|Any CPU.ActiveCfg = Release|Any CPU
		{6197F325-8482-42B1-8BF9-EFD1C410B244}.Release|Any CPU.Build.0 = Release|Any CPU
		{6197F325-8482-42B1-8BF9-EFD1C410B244}.Release|x64.ActiveCfg = Release|x64
		{6197F325-8482-42B1-8BF9-EFD1C410B244}.Release|x64.Build.0 = Release|x64
		{6197F325-8482-42B1-8BF9-EFD1C410B244}.Release|x86.ActiveCfg = Release|x86
		{6197F325-8482-42B1-8BF9-EFD1C410B244}.Release|x86.Build.0 = Release|x86
		{F3A46F9E-D48D-4EB6-BED3-5CE28AE710BC}.CoreDebug|Any CPU.ActiveCfg = Debug|Any CPU
		{F3A46F9E-D48D-4EB6-BED3-5CE28AE710BC}.CoreDebug|Any CPU.Build.0 = Debug|Any CPU
		{F3A46F9E-D48D-4EB6-BED3-5CE28AE710BC}.CoreDebug|x64.ActiveCfg = Debug|x64
		{F3A46F9E-D48D-4EB6-BED3-5CE28AE710BC}.CoreDebug|x64.Build.0 = Debug|x64
		{F3A46F9E-D48D-4EB6-BED3-5CE28AE710BC}.CoreDebug|x86.ActiveCfg = Debug|x86
		{F3A46F9E-D48D-4EB6-BED3-5CE28AE710BC}.CoreDebug|x86.Build.0 = Debug|x86
		{F3A46F9E-D48D-4EB6-BED3-5CE28AE710BC}.CoreRelease|Any CPU.ActiveCfg = Release|Any CPU
		{F3A46F9E-D48D-4EB6-BED3-5CE28AE710BC}.CoreRelease|Any CPU.Build.0 = Release|Any CPU
		{F3A46F9E-D48D-4EB6-BED3-5CE28AE710BC}.CoreRelease|x64.ActiveCfg = Release|x64
		{F3A46F9E-D48D-4EB6-BED3-5CE28AE710BC}.CoreRelease|x64.Build.0 = Release|x64
		{F3A46F9E-D48D-4EB6-BED3-5CE28AE710BC}.CoreRelease|x86.ActiveCfg = Release|x86
		{F3A46F9E-D48D-4EB6-BED3-5CE28AE710BC}.CoreRelease|x86.Build.0 = Release|x86
		{F3A46F9E-D48D-4EB6-BED3-5CE28AE710BC}.Debug|Any CPU.ActiveCfg = Debug|Any CPU
		{F3A46F9E-D48D-4EB6-BED3-5CE28AE710BC}.Debug|Any CPU.Build.0 = Debug|Any CPU
		{F3A46F9E-D48D-4EB6-BED3-5CE28AE710BC}.Debug|x64.ActiveCfg = Debug|x64
		{F3A46F9E-D48D-4EB6-BED3-5CE28AE710BC}.Debug|x64.Build.0 = Debug|x64
		{F3A46F9E-D48D-4EB6-BED3-5CE28AE710BC}.Debug|x86.ActiveCfg = Debug|x86
		{F3A46F9E-D48D-4EB6-BED3-5CE28AE710BC}.Debug|x86.Build.0 = Debug|x86
		{F3A46F9E-D48D-4EB6-BED3-5CE28AE710BC}.Release|Any CPU.ActiveCfg = Release|Any CPU
		{F3A46F9E-D48D-4EB6-BED3-5CE28AE710BC}.Release|Any CPU.Build.0 = Release|Any CPU
		{F3A46F9E-D48D-4EB6-BED3-5CE28AE710BC}.Release|x64.ActiveCfg = Release|x64
		{F3A46F9E-D48D-4EB6-BED3-5CE28AE710BC}.Release|x64.Build.0 = Release|x64
		{F3A46F9E-D48D-4EB6-BED3-5CE28AE710BC}.Release|x86.ActiveCfg = Release|x86
		{F3A46F9E-D48D-4EB6-BED3-5CE28AE710BC}.Release|x86.Build.0 = Release|x86
		{9B6E2706-D2EC-45B3-8015-740B7BA62490}.CoreDebug|Any CPU.ActiveCfg = Debug|Any CPU
		{9B6E2706-D2EC-45B3-8015-740B7BA62490}.CoreDebug|Any CPU.Build.0 = Debug|Any CPU
		{9B6E2706-D2EC-45B3-8015-740B7BA62490}.CoreDebug|x64.ActiveCfg = Debug|x64
		{9B6E2706-D2EC-45B3-8015-740B7BA62490}.CoreDebug|x64.Build.0 = Debug|x64
		{9B6E2706-D2EC-45B3-8015-740B7BA62490}.CoreDebug|x86.ActiveCfg = Debug|x86
		{9B6E2706-D2EC-45B3-8015-740B7BA62490}.CoreDebug|x86.Build.0 = Debug|x86
		{9B6E2706-D2EC-45B3-8015-740B7BA62490}.CoreRelease|Any CPU.ActiveCfg = Release|Any CPU
		{9B6E2706-D2EC-45B3-8015-740B7BA62490}.CoreRelease|Any CPU.Build.0 = Release|Any CPU
		{9B6E2706-D2EC-45B3-8015-740B7BA62490}.CoreRelease|x64.ActiveCfg = Release|x64
		{9B6E2706-D2EC-45B3-8015-740B7BA62490}.CoreRelease|x64.Build.0 = Release|x64
		{9B6E2706-D2EC-45B3-8015-740B7BA62490}.CoreRelease|x86.ActiveCfg = Release|x86
		{9B6E2706-D2EC-45B3-8015-740B7BA62490}.CoreRelease|x86.Build.0 = Release|x86
		{9B6E2706-D2EC-45B3-8015-740B7BA62490}.Debug|Any CPU.ActiveCfg = Debug|Any CPU
		{9B6E2706-D2EC-45B3-8015-740B7BA62490}.Debug|Any CPU.Build.0 = Debug|Any CPU
		{9B6E2706-D2EC-45B3-8015-740B7BA62490}.Debug|x64.ActiveCfg = Debug|x64
		{9B6E2706-D2EC-45B3-8015-740B7BA62490}.Debug|x64.Build.0 = Debug|x64
		{9B6E2706-D2EC-45B3-8015-740B7BA62490}.Debug|x86.ActiveCfg = Debug|x86
		{9B6E2706-D2EC-45B3-8015-740B7BA62490}.Debug|x86.Build.0 = Debug|x86
		{9B6E2706-D2EC-45B3-8015-740B7BA62490}.Release|Any CPU.ActiveCfg = Release|Any CPU
		{9B6E2706-D2EC-45B3-8015-740B7BA62490}.Release|Any CPU.Build.0 = Release|Any CPU
		{9B6E2706-D2EC-45B3-8015-740B7BA62490}.Release|x64.ActiveCfg = Release|x64
		{9B6E2706-D2EC-45B3-8015-740B7BA62490}.Release|x64.Build.0 = Release|x64
		{9B6E2706-D2EC-45B3-8015-740B7BA62490}.Release|x86.ActiveCfg = Release|x86
		{9B6E2706-D2EC-45B3-8015-740B7BA62490}.Release|x86.Build.0 = Release|x86
		{1819AA64-EB9B-400D-B811-9E3E234F6004}.CoreDebug|Any CPU.ActiveCfg = Debug|Any CPU
		{1819AA64-EB9B-400D-B811-9E3E234F6004}.CoreDebug|Any CPU.Build.0 = Debug|Any CPU
		{1819AA64-EB9B-400D-B811-9E3E234F6004}.CoreDebug|x64.ActiveCfg = Debug|x64
		{1819AA64-EB9B-400D-B811-9E3E234F6004}.CoreDebug|x64.Build.0 = Debug|x64
		{1819AA64-EB9B-400D-B811-9E3E234F6004}.CoreDebug|x86.ActiveCfg = Debug|x86
		{1819AA64-EB9B-400D-B811-9E3E234F6004}.CoreDebug|x86.Build.0 = Debug|x86
		{1819AA64-EB9B-400D-B811-9E3E234F6004}.CoreRelease|Any CPU.ActiveCfg = Release|Any CPU
		{1819AA64-EB9B-400D-B811-9E3E234F6004}.CoreRelease|Any CPU.Build.0 = Release|Any CPU
		{1819AA64-EB9B-400D-B811-9E3E234F6004}.CoreRelease|x64.ActiveCfg = Release|x64
		{1819AA64-EB9B-400D-B811-9E3E234F6004}.CoreRelease|x64.Build.0 = Release|x64
		{1819AA64-EB9B-400D-B811-9E3E234F6004}.CoreRelease|x86.ActiveCfg = Release|x86
		{1819AA64-EB9B-400D-B811-9E3E234F6004}.CoreRelease|x86.Build.0 = Release|x86
		{1819AA64-EB9B-400D-B811-9E3E234F6004}.Debug|Any CPU.ActiveCfg = Debug|Any CPU
		{1819AA64-EB9B-400D-B811-9E3E234F6004}.Debug|Any CPU.Build.0 = Debug|Any CPU
		{1819AA64-EB9B-400D-B811-9E3E234F6004}.Debug|x64.ActiveCfg = Debug|x64
		{1819AA64-EB9B-400D-B811-9E3E234F6004}.Debug|x64.Build.0 = Debug|x64
		{1819AA64-EB9B-400D-B811-9E3E234F6004}.Debug|x86.ActiveCfg = Debug|x86
		{1819AA64-EB9B-400D-B811-9E3E234F6004}.Debug|x86.Build.0 = Debug|x86
		{1819AA64-EB9B-400D-B811-9E3E234F6004}.Release|Any CPU.ActiveCfg = Release|Any CPU
		{1819AA64-EB9B-400D-B811-9E3E234F6004}.Release|Any CPU.Build.0 = Release|Any CPU
		{1819AA64-EB9B-400D-B811-9E3E234F6004}.Release|x64.ActiveCfg = Release|x64
		{1819AA64-EB9B-400D-B811-9E3E234F6004}.Release|x64.Build.0 = Release|x64
		{1819AA64-EB9B-400D-B811-9E3E234F6004}.Release|x86.ActiveCfg = Release|x86
		{1819AA64-EB9B-400D-B811-9E3E234F6004}.Release|x86.Build.0 = Release|x86
		{CD893892-6938-448D-999F-D96BDCF60BB6}.CoreDebug|Any CPU.ActiveCfg = Debug|Any CPU
		{CD893892-6938-448D-999F-D96BDCF60BB6}.CoreDebug|Any CPU.Build.0 = Debug|Any CPU
		{CD893892-6938-448D-999F-D96BDCF60BB6}.CoreDebug|x64.ActiveCfg = Debug|x64
		{CD893892-6938-448D-999F-D96BDCF60BB6}.CoreDebug|x64.Build.0 = Debug|x64
		{CD893892-6938-448D-999F-D96BDCF60BB6}.CoreDebug|x86.ActiveCfg = Debug|x86
		{CD893892-6938-448D-999F-D96BDCF60BB6}.CoreDebug|x86.Build.0 = Debug|x86
		{CD893892-6938-448D-999F-D96BDCF60BB6}.CoreRelease|Any CPU.ActiveCfg = Release|Any CPU
		{CD893892-6938-448D-999F-D96BDCF60BB6}.CoreRelease|Any CPU.Build.0 = Release|Any CPU
		{CD893892-6938-448D-999F-D96BDCF60BB6}.CoreRelease|x64.ActiveCfg = Release|x64
		{CD893892-6938-448D-999F-D96BDCF60BB6}.CoreRelease|x64.Build.0 = Release|x64
		{CD893892-6938-448D-999F-D96BDCF60BB6}.CoreRelease|x86.ActiveCfg = Release|x86
		{CD893892-6938-448D-999F-D96BDCF60BB6}.CoreRelease|x86.Build.0 = Release|x86
		{CD893892-6938-448D-999F-D96BDCF60BB6}.Debug|Any CPU.ActiveCfg = Debug|Any CPU
		{CD893892-6938-448D-999F-D96BDCF60BB6}.Debug|Any CPU.Build.0 = Debug|Any CPU
		{CD893892-6938-448D-999F-D96BDCF60BB6}.Debug|x64.ActiveCfg = Debug|x64
		{CD893892-6938-448D-999F-D96BDCF60BB6}.Debug|x64.Build.0 = Debug|x64
		{CD893892-6938-448D-999F-D96BDCF60BB6}.Debug|x86.ActiveCfg = Debug|x86
		{CD893892-6938-448D-999F-D96BDCF60BB6}.Debug|x86.Build.0 = Debug|x86
		{CD893892-6938-448D-999F-D96BDCF60BB6}.Release|Any CPU.ActiveCfg = Release|Any CPU
		{CD893892-6938-448D-999F-D96BDCF60BB6}.Release|Any CPU.Build.0 = Release|Any CPU
		{CD893892-6938-448D-999F-D96BDCF60BB6}.Release|x64.ActiveCfg = Release|x64
		{CD893892-6938-448D-999F-D96BDCF60BB6}.Release|x64.Build.0 = Release|x64
		{CD893892-6938-448D-999F-D96BDCF60BB6}.Release|x86.ActiveCfg = Release|x86
		{CD893892-6938-448D-999F-D96BDCF60BB6}.Release|x86.Build.0 = Release|x86
		{2BF211E8-3907-4813-8E22-B2DED9ADA6E9}.CoreDebug|Any CPU.ActiveCfg = Debug|Any CPU
		{2BF211E8-3907-4813-8E22-B2DED9ADA6E9}.CoreDebug|Any CPU.Build.0 = Debug|Any CPU
		{2BF211E8-3907-4813-8E22-B2DED9ADA6E9}.CoreDebug|x64.ActiveCfg = Debug|x64
		{2BF211E8-3907-4813-8E22-B2DED9ADA6E9}.CoreDebug|x64.Build.0 = Debug|x64
		{2BF211E8-3907-4813-8E22-B2DED9ADA6E9}.CoreDebug|x86.ActiveCfg = Debug|x86
		{2BF211E8-3907-4813-8E22-B2DED9ADA6E9}.CoreDebug|x86.Build.0 = Debug|x86
		{2BF211E8-3907-4813-8E22-B2DED9ADA6E9}.CoreRelease|Any CPU.ActiveCfg = Release|Any CPU
		{2BF211E8-3907-4813-8E22-B2DED9ADA6E9}.CoreRelease|Any CPU.Build.0 = Release|Any CPU
		{2BF211E8-3907-4813-8E22-B2DED9ADA6E9}.CoreRelease|x64.ActiveCfg = Release|x64
		{2BF211E8-3907-4813-8E22-B2DED9ADA6E9}.CoreRelease|x64.Build.0 = Release|x64
		{2BF211E8-3907-4813-8E22-B2DED9ADA6E9}.CoreRelease|x86.ActiveCfg = Release|x86
		{2BF211E8-3907-4813-8E22-B2DED9ADA6E9}.CoreRelease|x86.Build.0 = Release|x86
		{2BF211E8-3907-4813-8E22-B2DED9ADA6E9}.Debug|Any CPU.ActiveCfg = Debug|Any CPU
		{2BF211E8-3907-4813-8E22-B2DED9ADA6E9}.Debug|Any CPU.Build.0 = Debug|Any CPU
		{2BF211E8-3907-4813-8E22-B2DED9ADA6E9}.Debug|x64.ActiveCfg = Debug|x64
		{2BF211E8-3907-4813-8E22-B2DED9ADA6E9}.Debug|x64.Build.0 = Debug|x64
		{2BF211E8-3907-4813-8E22-B2DED9ADA6E9}.Debug|x86.ActiveCfg = Debug|x86
		{2BF211E8-3907-4813-8E22-B2DED9ADA6E9}.Debug|x86.Build.0 = Debug|x86
		{2BF211E8-3907-4813-8E22-B2DED9ADA6E9}.Release|Any CPU.ActiveCfg = Release|Any CPU
		{2BF211E8-3907-4813-8E22-B2DED9ADA6E9}.Release|Any CPU.Build.0 = Release|Any CPU
		{2BF211E8-3907-4813-8E22-B2DED9ADA6E9}.Release|x64.ActiveCfg = Release|x64
		{2BF211E8-3907-4813-8E22-B2DED9ADA6E9}.Release|x64.Build.0 = Release|x64
		{2BF211E8-3907-4813-8E22-B2DED9ADA6E9}.Release|x86.ActiveCfg = Release|x86
		{2BF211E8-3907-4813-8E22-B2DED9ADA6E9}.Release|x86.Build.0 = Release|x86
		{ED634EA5-DBA8-49B3-8216-73F55FDAFFE9}.CoreDebug|Any CPU.ActiveCfg = Debug|Any CPU
		{ED634EA5-DBA8-49B3-8216-73F55FDAFFE9}.CoreDebug|Any CPU.Build.0 = Debug|Any CPU
		{ED634EA5-DBA8-49B3-8216-73F55FDAFFE9}.CoreDebug|x64.ActiveCfg = Debug|x64
		{ED634EA5-DBA8-49B3-8216-73F55FDAFFE9}.CoreDebug|x64.Build.0 = Debug|x64
		{ED634EA5-DBA8-49B3-8216-73F55FDAFFE9}.CoreDebug|x86.ActiveCfg = Debug|x86
		{ED634EA5-DBA8-49B3-8216-73F55FDAFFE9}.CoreDebug|x86.Build.0 = Debug|x86
		{ED634EA5-DBA8-49B3-8216-73F55FDAFFE9}.CoreRelease|Any CPU.ActiveCfg = Release|Any CPU
		{ED634EA5-DBA8-49B3-8216-73F55FDAFFE9}.CoreRelease|Any CPU.Build.0 = Release|Any CPU
		{ED634EA5-DBA8-49B3-8216-73F55FDAFFE9}.CoreRelease|x64.ActiveCfg = Release|x64
		{ED634EA5-DBA8-49B3-8216-73F55FDAFFE9}.CoreRelease|x64.Build.0 = Release|x64
		{ED634EA5-DBA8-49B3-8216-73F55FDAFFE9}.CoreRelease|x86.ActiveCfg = Release|x86
		{ED634EA5-DBA8-49B3-8216-73F55FDAFFE9}.CoreRelease|x86.Build.0 = Release|x86
		{ED634EA5-DBA8-49B3-8216-73F55FDAFFE9}.Debug|Any CPU.ActiveCfg = Debug|Any CPU
		{ED634EA5-DBA8-49B3-8216-73F55FDAFFE9}.Debug|Any CPU.Build.0 = Debug|Any CPU
		{ED634EA5-DBA8-49B3-8216-73F55FDAFFE9}.Debug|x64.ActiveCfg = Debug|x64
		{ED634EA5-DBA8-49B3-8216-73F55FDAFFE9}.Debug|x64.Build.0 = Debug|x64
		{ED634EA5-DBA8-49B3-8216-73F55FDAFFE9}.Debug|x86.ActiveCfg = Debug|x86
		{ED634EA5-DBA8-49B3-8216-73F55FDAFFE9}.Debug|x86.Build.0 = Debug|x86
		{ED634EA5-DBA8-49B3-8216-73F55FDAFFE9}.Release|Any CPU.ActiveCfg = Release|Any CPU
		{ED634EA5-DBA8-49B3-8216-73F55FDAFFE9}.Release|Any CPU.Build.0 = Release|Any CPU
		{ED634EA5-DBA8-49B3-8216-73F55FDAFFE9}.Release|x64.ActiveCfg = Release|x64
		{ED634EA5-DBA8-49B3-8216-73F55FDAFFE9}.Release|x64.Build.0 = Release|x64
		{ED634EA5-DBA8-49B3-8216-73F55FDAFFE9}.Release|x86.ActiveCfg = Release|x86
		{ED634EA5-DBA8-49B3-8216-73F55FDAFFE9}.Release|x86.Build.0 = Release|x86
		{4CAFF57F-338A-4A87-8E3E-16106EBABAE5}.CoreDebug|Any CPU.ActiveCfg = Debug|Any CPU
		{4CAFF57F-338A-4A87-8E3E-16106EBABAE5}.CoreDebug|Any CPU.Build.0 = Debug|Any CPU
		{4CAFF57F-338A-4A87-8E3E-16106EBABAE5}.CoreDebug|x64.ActiveCfg = Debug|x64
		{4CAFF57F-338A-4A87-8E3E-16106EBABAE5}.CoreDebug|x64.Build.0 = Debug|x64
		{4CAFF57F-338A-4A87-8E3E-16106EBABAE5}.CoreDebug|x86.ActiveCfg = Debug|x86
		{4CAFF57F-338A-4A87-8E3E-16106EBABAE5}.CoreDebug|x86.Build.0 = Debug|x86
		{4CAFF57F-338A-4A87-8E3E-16106EBABAE5}.CoreRelease|Any CPU.ActiveCfg = Release|Any CPU
		{4CAFF57F-338A-4A87-8E3E-16106EBABAE5}.CoreRelease|Any CPU.Build.0 = Release|Any CPU
		{4CAFF57F-338A-4A87-8E3E-16106EBABAE5}.CoreRelease|x64.ActiveCfg = Release|x64
		{4CAFF57F-338A-4A87-8E3E-16106EBABAE5}.CoreRelease|x64.Build.0 = Release|x64
		{4CAFF57F-338A-4A87-8E3E-16106EBABAE5}.CoreRelease|x86.ActiveCfg = Release|x86
		{4CAFF57F-338A-4A87-8E3E-16106EBABAE5}.CoreRelease|x86.Build.0 = Release|x86
		{4CAFF57F-338A-4A87-8E3E-16106EBABAE5}.Debug|Any CPU.ActiveCfg = Debug|Any CPU
		{4CAFF57F-338A-4A87-8E3E-16106EBABAE5}.Debug|Any CPU.Build.0 = Debug|Any CPU
		{4CAFF57F-338A-4A87-8E3E-16106EBABAE5}.Debug|x64.ActiveCfg = Debug|x64
		{4CAFF57F-338A-4A87-8E3E-16106EBABAE5}.Debug|x64.Build.0 = Debug|x64
		{4CAFF57F-338A-4A87-8E3E-16106EBABAE5}.Debug|x86.ActiveCfg = Debug|x86
		{4CAFF57F-338A-4A87-8E3E-16106EBABAE5}.Debug|x86.Build.0 = Debug|x86
		{4CAFF57F-338A-4A87-8E3E-16106EBABAE5}.Release|Any CPU.ActiveCfg = Release|Any CPU
		{4CAFF57F-338A-4A87-8E3E-16106EBABAE5}.Release|Any CPU.Build.0 = Release|Any CPU
		{4CAFF57F-338A-4A87-8E3E-16106EBABAE5}.Release|x64.ActiveCfg = Release|x64
		{4CAFF57F-338A-4A87-8E3E-16106EBABAE5}.Release|x64.Build.0 = Release|x64
		{4CAFF57F-338A-4A87-8E3E-16106EBABAE5}.Release|x86.ActiveCfg = Release|x86
		{4CAFF57F-338A-4A87-8E3E-16106EBABAE5}.Release|x86.Build.0 = Release|x86
		{F71B6AB1-25B1-4D92-A0A2-2ABFFDEA8BFF}.CoreDebug|Any CPU.ActiveCfg = Debug|Any CPU
		{F71B6AB1-25B1-4D92-A0A2-2ABFFDEA8BFF}.CoreDebug|Any CPU.Build.0 = Debug|Any CPU
		{F71B6AB1-25B1-4D92-A0A2-2ABFFDEA8BFF}.CoreDebug|x64.ActiveCfg = Debug|x64
		{F71B6AB1-25B1-4D92-A0A2-2ABFFDEA8BFF}.CoreDebug|x64.Build.0 = Debug|x64
		{F71B6AB1-25B1-4D92-A0A2-2ABFFDEA8BFF}.CoreDebug|x86.ActiveCfg = Debug|x86
		{F71B6AB1-25B1-4D92-A0A2-2ABFFDEA8BFF}.CoreDebug|x86.Build.0 = Debug|x86
		{F71B6AB1-25B1-4D92-A0A2-2ABFFDEA8BFF}.CoreRelease|Any CPU.ActiveCfg = Release|Any CPU
		{F71B6AB1-25B1-4D92-A0A2-2ABFFDEA8BFF}.CoreRelease|Any CPU.Build.0 = Release|Any CPU
		{F71B6AB1-25B1-4D92-A0A2-2ABFFDEA8BFF}.CoreRelease|x64.ActiveCfg = Release|x64
		{F71B6AB1-25B1-4D92-A0A2-2ABFFDEA8BFF}.CoreRelease|x64.Build.0 = Release|x64
		{F71B6AB1-25B1-4D92-A0A2-2ABFFDEA8BFF}.CoreRelease|x86.ActiveCfg = Release|x86
		{F71B6AB1-25B1-4D92-A0A2-2ABFFDEA8BFF}.CoreRelease|x86.Build.0 = Release|x86
		{F71B6AB1-25B1-4D92-A0A2-2ABFFDEA8BFF}.Debug|Any CPU.ActiveCfg = Debug|Any CPU
		{F71B6AB1-25B1-4D92-A0A2-2ABFFDEA8BFF}.Debug|Any CPU.Build.0 = Debug|Any CPU
		{F71B6AB1-25B1-4D92-A0A2-2ABFFDEA8BFF}.Debug|x64.ActiveCfg = Debug|x64
		{F71B6AB1-25B1-4D92-A0A2-2ABFFDEA8BFF}.Debug|x64.Build.0 = Debug|x64
		{F71B6AB1-25B1-4D92-A0A2-2ABFFDEA8BFF}.Debug|x86.ActiveCfg = Debug|x86
		{F71B6AB1-25B1-4D92-A0A2-2ABFFDEA8BFF}.Debug|x86.Build.0 = Debug|x86
		{F71B6AB1-25B1-4D92-A0A2-2ABFFDEA8BFF}.Release|Any CPU.ActiveCfg = Release|Any CPU
		{F71B6AB1-25B1-4D92-A0A2-2ABFFDEA8BFF}.Release|Any CPU.Build.0 = Release|Any CPU
		{F71B6AB1-25B1-4D92-A0A2-2ABFFDEA8BFF}.Release|x64.ActiveCfg = Release|x64
		{F71B6AB1-25B1-4D92-A0A2-2ABFFDEA8BFF}.Release|x64.Build.0 = Release|x64
		{F71B6AB1-25B1-4D92-A0A2-2ABFFDEA8BFF}.Release|x86.ActiveCfg = Release|x86
		{F71B6AB1-25B1-4D92-A0A2-2ABFFDEA8BFF}.Release|x86.Build.0 = Release|x86
		{8A145E60-3FAC-421B-9EBB-732F86A07395}.CoreDebug|Any CPU.ActiveCfg = Debug|Any CPU
		{8A145E60-3FAC-421B-9EBB-732F86A07395}.CoreDebug|x64.ActiveCfg = Debug|x64
		{8A145E60-3FAC-421B-9EBB-732F86A07395}.CoreDebug|x86.ActiveCfg = Debug|x86
		{8A145E60-3FAC-421B-9EBB-732F86A07395}.CoreRelease|Any CPU.ActiveCfg = Release|Any CPU
		{8A145E60-3FAC-421B-9EBB-732F86A07395}.CoreRelease|x64.ActiveCfg = Release|x64
		{8A145E60-3FAC-421B-9EBB-732F86A07395}.CoreRelease|x86.ActiveCfg = Release|x86
		{8A145E60-3FAC-421B-9EBB-732F86A07395}.Debug|Any CPU.ActiveCfg = Debug|Any CPU
		{8A145E60-3FAC-421B-9EBB-732F86A07395}.Debug|Any CPU.Build.0 = Debug|Any CPU
		{8A145E60-3FAC-421B-9EBB-732F86A07395}.Debug|x64.ActiveCfg = Debug|x64
		{8A145E60-3FAC-421B-9EBB-732F86A07395}.Debug|x64.Build.0 = Debug|x64
		{8A145E60-3FAC-421B-9EBB-732F86A07395}.Debug|x86.ActiveCfg = Debug|x86
		{8A145E60-3FAC-421B-9EBB-732F86A07395}.Debug|x86.Build.0 = Debug|x86
		{8A145E60-3FAC-421B-9EBB-732F86A07395}.Release|Any CPU.ActiveCfg = Release|Any CPU
		{8A145E60-3FAC-421B-9EBB-732F86A07395}.Release|Any CPU.Build.0 = Release|Any CPU
		{8A145E60-3FAC-421B-9EBB-732F86A07395}.Release|x64.ActiveCfg = Release|x64
		{8A145E60-3FAC-421B-9EBB-732F86A07395}.Release|x64.Build.0 = Release|x64
		{8A145E60-3FAC-421B-9EBB-732F86A07395}.Release|x86.ActiveCfg = Release|x86
		{8A145E60-3FAC-421B-9EBB-732F86A07395}.Release|x86.Build.0 = Release|x86
		{4E7B369D-7153-4236-8AB5-6B7237CB8EFF}.CoreDebug|Any CPU.ActiveCfg = Debug|Any CPU
		{4E7B369D-7153-4236-8AB5-6B7237CB8EFF}.CoreDebug|Any CPU.Build.0 = Debug|Any CPU
		{4E7B369D-7153-4236-8AB5-6B7237CB8EFF}.CoreDebug|x64.ActiveCfg = Debug|x64
		{4E7B369D-7153-4236-8AB5-6B7237CB8EFF}.CoreDebug|x64.Build.0 = Debug|x64
		{4E7B369D-7153-4236-8AB5-6B7237CB8EFF}.CoreDebug|x86.ActiveCfg = Debug|x86
		{4E7B369D-7153-4236-8AB5-6B7237CB8EFF}.CoreDebug|x86.Build.0 = Debug|x86
		{4E7B369D-7153-4236-8AB5-6B7237CB8EFF}.CoreRelease|Any CPU.ActiveCfg = Release|Any CPU
		{4E7B369D-7153-4236-8AB5-6B7237CB8EFF}.CoreRelease|Any CPU.Build.0 = Release|Any CPU
		{4E7B369D-7153-4236-8AB5-6B7237CB8EFF}.CoreRelease|x64.ActiveCfg = Release|x64
		{4E7B369D-7153-4236-8AB5-6B7237CB8EFF}.CoreRelease|x64.Build.0 = Release|x64
		{4E7B369D-7153-4236-8AB5-6B7237CB8EFF}.CoreRelease|x86.ActiveCfg = Release|x86
		{4E7B369D-7153-4236-8AB5-6B7237CB8EFF}.CoreRelease|x86.Build.0 = Release|x86
		{4E7B369D-7153-4236-8AB5-6B7237CB8EFF}.Debug|Any CPU.ActiveCfg = Debug|Any CPU
		{4E7B369D-7153-4236-8AB5-6B7237CB8EFF}.Debug|Any CPU.Build.0 = Debug|Any CPU
		{4E7B369D-7153-4236-8AB5-6B7237CB8EFF}.Debug|x64.ActiveCfg = Debug|x64
		{4E7B369D-7153-4236-8AB5-6B7237CB8EFF}.Debug|x64.Build.0 = Debug|x64
		{4E7B369D-7153-4236-8AB5-6B7237CB8EFF}.Debug|x86.ActiveCfg = Debug|x86
		{4E7B369D-7153-4236-8AB5-6B7237CB8EFF}.Debug|x86.Build.0 = Debug|x86
		{4E7B369D-7153-4236-8AB5-6B7237CB8EFF}.Release|Any CPU.ActiveCfg = Release|Any CPU
		{4E7B369D-7153-4236-8AB5-6B7237CB8EFF}.Release|Any CPU.Build.0 = Release|Any CPU
		{4E7B369D-7153-4236-8AB5-6B7237CB8EFF}.Release|x64.ActiveCfg = Release|x64
		{4E7B369D-7153-4236-8AB5-6B7237CB8EFF}.Release|x64.Build.0 = Release|x64
		{4E7B369D-7153-4236-8AB5-6B7237CB8EFF}.Release|x86.ActiveCfg = Release|x86
		{4E7B369D-7153-4236-8AB5-6B7237CB8EFF}.Release|x86.Build.0 = Release|x86
		{D86EE9B8-2AF1-4EC1-8529-DE74B0E59AA1}.CoreDebug|Any CPU.ActiveCfg = Debug|Any CPU
		{D86EE9B8-2AF1-4EC1-8529-DE74B0E59AA1}.CoreDebug|Any CPU.Build.0 = Debug|Any CPU
		{D86EE9B8-2AF1-4EC1-8529-DE74B0E59AA1}.CoreDebug|x64.ActiveCfg = Debug|x64
		{D86EE9B8-2AF1-4EC1-8529-DE74B0E59AA1}.CoreDebug|x64.Build.0 = Debug|x64
		{D86EE9B8-2AF1-4EC1-8529-DE74B0E59AA1}.CoreDebug|x86.ActiveCfg = Debug|x86
		{D86EE9B8-2AF1-4EC1-8529-DE74B0E59AA1}.CoreDebug|x86.Build.0 = Debug|x86
		{D86EE9B8-2AF1-4EC1-8529-DE74B0E59AA1}.CoreRelease|Any CPU.ActiveCfg = Release|Any CPU
		{D86EE9B8-2AF1-4EC1-8529-DE74B0E59AA1}.CoreRelease|Any CPU.Build.0 = Release|Any CPU
		{D86EE9B8-2AF1-4EC1-8529-DE74B0E59AA1}.CoreRelease|x64.ActiveCfg = Release|x64
		{D86EE9B8-2AF1-4EC1-8529-DE74B0E59AA1}.CoreRelease|x64.Build.0 = Release|x64
		{D86EE9B8-2AF1-4EC1-8529-DE74B0E59AA1}.CoreRelease|x86.ActiveCfg = Release|x86
		{D86EE9B8-2AF1-4EC1-8529-DE74B0E59AA1}.CoreRelease|x86.Build.0 = Release|x86
		{D86EE9B8-2AF1-4EC1-8529-DE74B0E59AA1}.Debug|Any CPU.ActiveCfg = Debug|Any CPU
		{D86EE9B8-2AF1-4EC1-8529-DE74B0E59AA1}.Debug|Any CPU.Build.0 = Debug|Any CPU
		{D86EE9B8-2AF1-4EC1-8529-DE74B0E59AA1}.Debug|x64.ActiveCfg = Debug|x64
		{D86EE9B8-2AF1-4EC1-8529-DE74B0E59AA1}.Debug|x64.Build.0 = Debug|x64
		{D86EE9B8-2AF1-4EC1-8529-DE74B0E59AA1}.Debug|x86.ActiveCfg = Debug|x86
		{D86EE9B8-2AF1-4EC1-8529-DE74B0E59AA1}.Debug|x86.Build.0 = Debug|x86
		{D86EE9B8-2AF1-4EC1-8529-DE74B0E59AA1}.Release|Any CPU.ActiveCfg = Release|Any CPU
		{D86EE9B8-2AF1-4EC1-8529-DE74B0E59AA1}.Release|Any CPU.Build.0 = Release|Any CPU
		{D86EE9B8-2AF1-4EC1-8529-DE74B0E59AA1}.Release|x64.ActiveCfg = Release|x64
		{D86EE9B8-2AF1-4EC1-8529-DE74B0E59AA1}.Release|x64.Build.0 = Release|x64
		{D86EE9B8-2AF1-4EC1-8529-DE74B0E59AA1}.Release|x86.ActiveCfg = Release|x86
		{D86EE9B8-2AF1-4EC1-8529-DE74B0E59AA1}.Release|x86.Build.0 = Release|x86
		{7E67EDF8-349C-49D2-B38C-0C8EE53DF4B0}.CoreDebug|Any CPU.ActiveCfg = Debug|Any CPU
		{7E67EDF8-349C-49D2-B38C-0C8EE53DF4B0}.CoreDebug|Any CPU.Build.0 = Debug|Any CPU
		{7E67EDF8-349C-49D2-B38C-0C8EE53DF4B0}.CoreDebug|x64.ActiveCfg = Debug|x64
		{7E67EDF8-349C-49D2-B38C-0C8EE53DF4B0}.CoreDebug|x64.Build.0 = Debug|x64
		{7E67EDF8-349C-49D2-B38C-0C8EE53DF4B0}.CoreDebug|x86.ActiveCfg = Debug|x86
		{7E67EDF8-349C-49D2-B38C-0C8EE53DF4B0}.CoreDebug|x86.Build.0 = Debug|x86
		{7E67EDF8-349C-49D2-B38C-0C8EE53DF4B0}.CoreRelease|Any CPU.ActiveCfg = Release|Any CPU
		{7E67EDF8-349C-49D2-B38C-0C8EE53DF4B0}.CoreRelease|Any CPU.Build.0 = Release|Any CPU
		{7E67EDF8-349C-49D2-B38C-0C8EE53DF4B0}.CoreRelease|x64.ActiveCfg = Release|x64
		{7E67EDF8-349C-49D2-B38C-0C8EE53DF4B0}.CoreRelease|x64.Build.0 = Release|x64
		{7E67EDF8-349C-49D2-B38C-0C8EE53DF4B0}.CoreRelease|x86.ActiveCfg = Release|x86
		{7E67EDF8-349C-49D2-B38C-0C8EE53DF4B0}.CoreRelease|x86.Build.0 = Release|x86
		{7E67EDF8-349C-49D2-B38C-0C8EE53DF4B0}.Debug|Any CPU.ActiveCfg = Debug|Any CPU
		{7E67EDF8-349C-49D2-B38C-0C8EE53DF4B0}.Debug|Any CPU.Build.0 = Debug|Any CPU
		{7E67EDF8-349C-49D2-B38C-0C8EE53DF4B0}.Debug|x64.ActiveCfg = Debug|x64
		{7E67EDF8-349C-49D2-B38C-0C8EE53DF4B0}.Debug|x64.Build.0 = Debug|x64
		{7E67EDF8-349C-49D2-B38C-0C8EE53DF4B0}.Debug|x86.ActiveCfg = Debug|x86
		{7E67EDF8-349C-49D2-B38C-0C8EE53DF4B0}.Debug|x86.Build.0 = Debug|x86
		{7E67EDF8-349C-49D2-B38C-0C8EE53DF4B0}.Release|Any CPU.ActiveCfg = Release|Any CPU
		{7E67EDF8-349C-49D2-B38C-0C8EE53DF4B0}.Release|Any CPU.Build.0 = Release|Any CPU
		{7E67EDF8-349C-49D2-B38C-0C8EE53DF4B0}.Release|x64.ActiveCfg = Release|x64
		{7E67EDF8-349C-49D2-B38C-0C8EE53DF4B0}.Release|x64.Build.0 = Release|x64
		{7E67EDF8-349C-49D2-B38C-0C8EE53DF4B0}.Release|x86.ActiveCfg = Release|x86
		{7E67EDF8-349C-49D2-B38C-0C8EE53DF4B0}.Release|x86.Build.0 = Release|x86
		{6D84EDA8-5B3F-48DC-BED3-22104540108A}.CoreDebug|Any CPU.ActiveCfg = Debug|Any CPU
		{6D84EDA8-5B3F-48DC-BED3-22104540108A}.CoreDebug|Any CPU.Build.0 = Debug|Any CPU
		{6D84EDA8-5B3F-48DC-BED3-22104540108A}.CoreDebug|x64.ActiveCfg = Debug|x64
		{6D84EDA8-5B3F-48DC-BED3-22104540108A}.CoreDebug|x64.Build.0 = Debug|x64
		{6D84EDA8-5B3F-48DC-BED3-22104540108A}.CoreDebug|x86.ActiveCfg = Debug|x86
		{6D84EDA8-5B3F-48DC-BED3-22104540108A}.CoreDebug|x86.Build.0 = Debug|x86
		{6D84EDA8-5B3F-48DC-BED3-22104540108A}.CoreRelease|Any CPU.ActiveCfg = Release|Any CPU
		{6D84EDA8-5B3F-48DC-BED3-22104540108A}.CoreRelease|Any CPU.Build.0 = Release|Any CPU
		{6D84EDA8-5B3F-48DC-BED3-22104540108A}.CoreRelease|x64.ActiveCfg = Release|x64
		{6D84EDA8-5B3F-48DC-BED3-22104540108A}.CoreRelease|x64.Build.0 = Release|x64
		{6D84EDA8-5B3F-48DC-BED3-22104540108A}.CoreRelease|x86.ActiveCfg = Release|x86
		{6D84EDA8-5B3F-48DC-BED3-22104540108A}.CoreRelease|x86.Build.0 = Release|x86
		{6D84EDA8-5B3F-48DC-BED3-22104540108A}.Debug|Any CPU.ActiveCfg = Debug|Any CPU
		{6D84EDA8-5B3F-48DC-BED3-22104540108A}.Debug|Any CPU.Build.0 = Debug|Any CPU
		{6D84EDA8-5B3F-48DC-BED3-22104540108A}.Debug|x64.ActiveCfg = Debug|x64
		{6D84EDA8-5B3F-48DC-BED3-22104540108A}.Debug|x64.Build.0 = Debug|x64
		{6D84EDA8-5B3F-48DC-BED3-22104540108A}.Debug|x86.ActiveCfg = Debug|x86
		{6D84EDA8-5B3F-48DC-BED3-22104540108A}.Debug|x86.Build.0 = Debug|x86
		{6D84EDA8-5B3F-48DC-BED3-22104540108A}.Release|Any CPU.ActiveCfg = Release|Any CPU
		{6D84EDA8-5B3F-48DC-BED3-22104540108A}.Release|Any CPU.Build.0 = Release|Any CPU
		{6D84EDA8-5B3F-48DC-BED3-22104540108A}.Release|x64.ActiveCfg = Release|x64
		{6D84EDA8-5B3F-48DC-BED3-22104540108A}.Release|x64.Build.0 = Release|x64
		{6D84EDA8-5B3F-48DC-BED3-22104540108A}.Release|x86.ActiveCfg = Release|x86
		{6D84EDA8-5B3F-48DC-BED3-22104540108A}.Release|x86.Build.0 = Release|x86
		{8FFCE44C-8A03-4919-926B-40903A2F31B5}.CoreDebug|Any CPU.ActiveCfg = Debug|Any CPU
		{8FFCE44C-8A03-4919-926B-40903A2F31B5}.CoreDebug|Any CPU.Build.0 = Debug|Any CPU
		{8FFCE44C-8A03-4919-926B-40903A2F31B5}.CoreDebug|x64.ActiveCfg = Debug|x64
		{8FFCE44C-8A03-4919-926B-40903A2F31B5}.CoreDebug|x64.Build.0 = Debug|x64
		{8FFCE44C-8A03-4919-926B-40903A2F31B5}.CoreDebug|x86.ActiveCfg = Debug|x86
		{8FFCE44C-8A03-4919-926B-40903A2F31B5}.CoreDebug|x86.Build.0 = Debug|x86
		{8FFCE44C-8A03-4919-926B-40903A2F31B5}.CoreRelease|Any CPU.ActiveCfg = Release|Any CPU
		{8FFCE44C-8A03-4919-926B-40903A2F31B5}.CoreRelease|Any CPU.Build.0 = Release|Any CPU
		{8FFCE44C-8A03-4919-926B-40903A2F31B5}.CoreRelease|x64.ActiveCfg = Release|x64
		{8FFCE44C-8A03-4919-926B-40903A2F31B5}.CoreRelease|x64.Build.0 = Release|x64
		{8FFCE44C-8A03-4919-926B-40903A2F31B5}.CoreRelease|x86.ActiveCfg = Release|x86
		{8FFCE44C-8A03-4919-926B-40903A2F31B5}.CoreRelease|x86.Build.0 = Release|x86
		{8FFCE44C-8A03-4919-926B-40903A2F31B5}.Debug|Any CPU.ActiveCfg = Debug|Any CPU
		{8FFCE44C-8A03-4919-926B-40903A2F31B5}.Debug|Any CPU.Build.0 = Debug|Any CPU
		{8FFCE44C-8A03-4919-926B-40903A2F31B5}.Debug|x64.ActiveCfg = Debug|x64
		{8FFCE44C-8A03-4919-926B-40903A2F31B5}.Debug|x64.Build.0 = Debug|x64
		{8FFCE44C-8A03-4919-926B-40903A2F31B5}.Debug|x86.ActiveCfg = Debug|x86
		{8FFCE44C-8A03-4919-926B-40903A2F31B5}.Debug|x86.Build.0 = Debug|x86
		{8FFCE44C-8A03-4919-926B-40903A2F31B5}.Release|Any CPU.ActiveCfg = Release|Any CPU
		{8FFCE44C-8A03-4919-926B-40903A2F31B5}.Release|Any CPU.Build.0 = Release|Any CPU
		{8FFCE44C-8A03-4919-926B-40903A2F31B5}.Release|x64.ActiveCfg = Release|x64
		{8FFCE44C-8A03-4919-926B-40903A2F31B5}.Release|x64.Build.0 = Release|x64
		{8FFCE44C-8A03-4919-926B-40903A2F31B5}.Release|x86.ActiveCfg = Release|x86
		{8FFCE44C-8A03-4919-926B-40903A2F31B5}.Release|x86.Build.0 = Release|x86
		{7EAE4F67-307E-4C7E-90CA-04D7D621AF9E}.CoreDebug|Any CPU.ActiveCfg = Debug|Any CPU
		{7EAE4F67-307E-4C7E-90CA-04D7D621AF9E}.CoreDebug|Any CPU.Build.0 = Debug|Any CPU
		{7EAE4F67-307E-4C7E-90CA-04D7D621AF9E}.CoreDebug|x64.ActiveCfg = Debug|x64
		{7EAE4F67-307E-4C7E-90CA-04D7D621AF9E}.CoreDebug|x64.Build.0 = Debug|x64
		{7EAE4F67-307E-4C7E-90CA-04D7D621AF9E}.CoreDebug|x86.ActiveCfg = Debug|x86
		{7EAE4F67-307E-4C7E-90CA-04D7D621AF9E}.CoreDebug|x86.Build.0 = Debug|x86
		{7EAE4F67-307E-4C7E-90CA-04D7D621AF9E}.CoreRelease|Any CPU.ActiveCfg = Release|Any CPU
		{7EAE4F67-307E-4C7E-90CA-04D7D621AF9E}.CoreRelease|Any CPU.Build.0 = Release|Any CPU
		{7EAE4F67-307E-4C7E-90CA-04D7D621AF9E}.CoreRelease|x64.ActiveCfg = Release|x64
		{7EAE4F67-307E-4C7E-90CA-04D7D621AF9E}.CoreRelease|x64.Build.0 = Release|x64
		{7EAE4F67-307E-4C7E-90CA-04D7D621AF9E}.CoreRelease|x86.ActiveCfg = Release|x86
		{7EAE4F67-307E-4C7E-90CA-04D7D621AF9E}.CoreRelease|x86.Build.0 = Release|x86
		{7EAE4F67-307E-4C7E-90CA-04D7D621AF9E}.Debug|Any CPU.ActiveCfg = Debug|Any CPU
		{7EAE4F67-307E-4C7E-90CA-04D7D621AF9E}.Debug|Any CPU.Build.0 = Debug|Any CPU
		{7EAE4F67-307E-4C7E-90CA-04D7D621AF9E}.Debug|x64.ActiveCfg = Debug|x64
		{7EAE4F67-307E-4C7E-90CA-04D7D621AF9E}.Debug|x64.Build.0 = Debug|x64
		{7EAE4F67-307E-4C7E-90CA-04D7D621AF9E}.Debug|x86.ActiveCfg = Debug|x86
		{7EAE4F67-307E-4C7E-90CA-04D7D621AF9E}.Debug|x86.Build.0 = Debug|x86
		{7EAE4F67-307E-4C7E-90CA-04D7D621AF9E}.Release|Any CPU.ActiveCfg = Release|Any CPU
		{7EAE4F67-307E-4C7E-90CA-04D7D621AF9E}.Release|Any CPU.Build.0 = Release|Any CPU
		{7EAE4F67-307E-4C7E-90CA-04D7D621AF9E}.Release|x64.ActiveCfg = Release|x64
		{7EAE4F67-307E-4C7E-90CA-04D7D621AF9E}.Release|x64.Build.0 = Release|x64
		{7EAE4F67-307E-4C7E-90CA-04D7D621AF9E}.Release|x86.ActiveCfg = Release|x86
		{7EAE4F67-307E-4C7E-90CA-04D7D621AF9E}.Release|x86.Build.0 = Release|x86
		{7E1761CF-EB4E-4250-83EB-70FF87D00913}.CoreDebug|Any CPU.ActiveCfg = Debug|Any CPU
		{7E1761CF-EB4E-4250-83EB-70FF87D00913}.CoreDebug|Any CPU.Build.0 = Debug|Any CPU
		{7E1761CF-EB4E-4250-83EB-70FF87D00913}.CoreDebug|x64.ActiveCfg = Debug|x64
		{7E1761CF-EB4E-4250-83EB-70FF87D00913}.CoreDebug|x64.Build.0 = Debug|x64
		{7E1761CF-EB4E-4250-83EB-70FF87D00913}.CoreDebug|x86.ActiveCfg = Debug|x86
		{7E1761CF-EB4E-4250-83EB-70FF87D00913}.CoreDebug|x86.Build.0 = Debug|x86
		{7E1761CF-EB4E-4250-83EB-70FF87D00913}.CoreRelease|Any CPU.ActiveCfg = Release|Any CPU
		{7E1761CF-EB4E-4250-83EB-70FF87D00913}.CoreRelease|Any CPU.Build.0 = Release|Any CPU
		{7E1761CF-EB4E-4250-83EB-70FF87D00913}.CoreRelease|x64.ActiveCfg = Release|x64
		{7E1761CF-EB4E-4250-83EB-70FF87D00913}.CoreRelease|x64.Build.0 = Release|x64
		{7E1761CF-EB4E-4250-83EB-70FF87D00913}.CoreRelease|x86.ActiveCfg = Release|x86
		{7E1761CF-EB4E-4250-83EB-70FF87D00913}.CoreRelease|x86.Build.0 = Release|x86
		{7E1761CF-EB4E-4250-83EB-70FF87D00913}.Debug|Any CPU.ActiveCfg = Debug|Any CPU
		{7E1761CF-EB4E-4250-83EB-70FF87D00913}.Debug|Any CPU.Build.0 = Debug|Any CPU
		{7E1761CF-EB4E-4250-83EB-70FF87D00913}.Debug|x64.ActiveCfg = Debug|x64
		{7E1761CF-EB4E-4250-83EB-70FF87D00913}.Debug|x64.Build.0 = Debug|x64
		{7E1761CF-EB4E-4250-83EB-70FF87D00913}.Debug|x86.ActiveCfg = Debug|x86
		{7E1761CF-EB4E-4250-83EB-70FF87D00913}.Debug|x86.Build.0 = Debug|x86
		{7E1761CF-EB4E-4250-83EB-70FF87D00913}.Release|Any CPU.ActiveCfg = Release|Any CPU
		{7E1761CF-EB4E-4250-83EB-70FF87D00913}.Release|Any CPU.Build.0 = Release|Any CPU
		{7E1761CF-EB4E-4250-83EB-70FF87D00913}.Release|x64.ActiveCfg = Release|x64
		{7E1761CF-EB4E-4250-83EB-70FF87D00913}.Release|x64.Build.0 = Release|x64
		{7E1761CF-EB4E-4250-83EB-70FF87D00913}.Release|x86.ActiveCfg = Release|x86
		{7E1761CF-EB4E-4250-83EB-70FF87D00913}.Release|x86.Build.0 = Release|x86
		{51D2AEB8-C299-46A2-9095-0AA602BB10EF}.CoreDebug|Any CPU.ActiveCfg = Debug|Any CPU
		{51D2AEB8-C299-46A2-9095-0AA602BB10EF}.CoreDebug|Any CPU.Build.0 = Debug|Any CPU
		{51D2AEB8-C299-46A2-9095-0AA602BB10EF}.CoreDebug|x64.ActiveCfg = Debug|x64
		{51D2AEB8-C299-46A2-9095-0AA602BB10EF}.CoreDebug|x64.Build.0 = Debug|x64
		{51D2AEB8-C299-46A2-9095-0AA602BB10EF}.CoreDebug|x86.ActiveCfg = Debug|x86
		{51D2AEB8-C299-46A2-9095-0AA602BB10EF}.CoreDebug|x86.Build.0 = Debug|x86
		{51D2AEB8-C299-46A2-9095-0AA602BB10EF}.CoreRelease|Any CPU.ActiveCfg = Debug|Any CPU
		{51D2AEB8-C299-46A2-9095-0AA602BB10EF}.CoreRelease|Any CPU.Build.0 = Debug|Any CPU
		{51D2AEB8-C299-46A2-9095-0AA602BB10EF}.CoreRelease|x64.ActiveCfg = Debug|x64
		{51D2AEB8-C299-46A2-9095-0AA602BB10EF}.CoreRelease|x64.Build.0 = Debug|x64
		{51D2AEB8-C299-46A2-9095-0AA602BB10EF}.CoreRelease|x86.ActiveCfg = Debug|x86
		{51D2AEB8-C299-46A2-9095-0AA602BB10EF}.CoreRelease|x86.Build.0 = Debug|x86
		{51D2AEB8-C299-46A2-9095-0AA602BB10EF}.Debug|Any CPU.ActiveCfg = Debug|Any CPU
		{51D2AEB8-C299-46A2-9095-0AA602BB10EF}.Debug|Any CPU.Build.0 = Debug|Any CPU
		{51D2AEB8-C299-46A2-9095-0AA602BB10EF}.Debug|x64.ActiveCfg = Debug|x64
		{51D2AEB8-C299-46A2-9095-0AA602BB10EF}.Debug|x64.Build.0 = Debug|x64
		{51D2AEB8-C299-46A2-9095-0AA602BB10EF}.Debug|x86.ActiveCfg = Debug|x86
		{51D2AEB8-C299-46A2-9095-0AA602BB10EF}.Debug|x86.Build.0 = Debug|x86
		{51D2AEB8-C299-46A2-9095-0AA602BB10EF}.Release|Any CPU.ActiveCfg = Release|Any CPU
		{51D2AEB8-C299-46A2-9095-0AA602BB10EF}.Release|Any CPU.Build.0 = Release|Any CPU
		{51D2AEB8-C299-46A2-9095-0AA602BB10EF}.Release|x64.ActiveCfg = Release|x64
		{51D2AEB8-C299-46A2-9095-0AA602BB10EF}.Release|x64.Build.0 = Release|x64
		{51D2AEB8-C299-46A2-9095-0AA602BB10EF}.Release|x86.ActiveCfg = Release|x86
		{51D2AEB8-C299-46A2-9095-0AA602BB10EF}.Release|x86.Build.0 = Release|x86
		{69E20F69-047F-4B05-B244-F6C921757CCB}.CoreDebug|Any CPU.ActiveCfg = Debug|Any CPU
		{69E20F69-047F-4B05-B244-F6C921757CCB}.CoreDebug|Any CPU.Build.0 = Debug|Any CPU
		{69E20F69-047F-4B05-B244-F6C921757CCB}.CoreDebug|x64.ActiveCfg = Debug|x64
		{69E20F69-047F-4B05-B244-F6C921757CCB}.CoreDebug|x64.Build.0 = Debug|x64
		{69E20F69-047F-4B05-B244-F6C921757CCB}.CoreDebug|x86.ActiveCfg = Debug|x86
		{69E20F69-047F-4B05-B244-F6C921757CCB}.CoreDebug|x86.Build.0 = Debug|x86
		{69E20F69-047F-4B05-B244-F6C921757CCB}.CoreRelease|Any CPU.ActiveCfg = Debug|Any CPU
		{69E20F69-047F-4B05-B244-F6C921757CCB}.CoreRelease|Any CPU.Build.0 = Debug|Any CPU
		{69E20F69-047F-4B05-B244-F6C921757CCB}.CoreRelease|x64.ActiveCfg = Debug|x64
		{69E20F69-047F-4B05-B244-F6C921757CCB}.CoreRelease|x64.Build.0 = Debug|x64
		{69E20F69-047F-4B05-B244-F6C921757CCB}.CoreRelease|x86.ActiveCfg = Debug|x86
		{69E20F69-047F-4B05-B244-F6C921757CCB}.CoreRelease|x86.Build.0 = Debug|x86
		{69E20F69-047F-4B05-B244-F6C921757CCB}.Debug|Any CPU.ActiveCfg = Debug|Any CPU
		{69E20F69-047F-4B05-B244-F6C921757CCB}.Debug|Any CPU.Build.0 = Debug|Any CPU
		{69E20F69-047F-4B05-B244-F6C921757CCB}.Debug|x64.ActiveCfg = Debug|x64
		{69E20F69-047F-4B05-B244-F6C921757CCB}.Debug|x64.Build.0 = Debug|x64
		{69E20F69-047F-4B05-B244-F6C921757CCB}.Debug|x86.ActiveCfg = Debug|x86
		{69E20F69-047F-4B05-B244-F6C921757CCB}.Debug|x86.Build.0 = Debug|x86
		{69E20F69-047F-4B05-B244-F6C921757CCB}.Release|Any CPU.ActiveCfg = Release|Any CPU
		{69E20F69-047F-4B05-B244-F6C921757CCB}.Release|Any CPU.Build.0 = Release|Any CPU
		{69E20F69-047F-4B05-B244-F6C921757CCB}.Release|x64.ActiveCfg = Release|x64
		{69E20F69-047F-4B05-B244-F6C921757CCB}.Release|x64.Build.0 = Release|x64
		{69E20F69-047F-4B05-B244-F6C921757CCB}.Release|x86.ActiveCfg = Release|x86
		{69E20F69-047F-4B05-B244-F6C921757CCB}.Release|x86.Build.0 = Release|x86
		{263D011D-51A0-4DBC-B98D-AEA7CD55D2A6}.CoreDebug|Any CPU.ActiveCfg = Debug|Any CPU
		{263D011D-51A0-4DBC-B98D-AEA7CD55D2A6}.CoreDebug|Any CPU.Build.0 = Debug|Any CPU
		{263D011D-51A0-4DBC-B98D-AEA7CD55D2A6}.CoreDebug|x64.ActiveCfg = Debug|x64
		{263D011D-51A0-4DBC-B98D-AEA7CD55D2A6}.CoreDebug|x64.Build.0 = Debug|x64
		{263D011D-51A0-4DBC-B98D-AEA7CD55D2A6}.CoreDebug|x86.ActiveCfg = Debug|x86
		{263D011D-51A0-4DBC-B98D-AEA7CD55D2A6}.CoreDebug|x86.Build.0 = Debug|x86
		{263D011D-51A0-4DBC-B98D-AEA7CD55D2A6}.CoreRelease|Any CPU.ActiveCfg = Release|Any CPU
		{263D011D-51A0-4DBC-B98D-AEA7CD55D2A6}.CoreRelease|Any CPU.Build.0 = Release|Any CPU
		{263D011D-51A0-4DBC-B98D-AEA7CD55D2A6}.CoreRelease|x64.ActiveCfg = Release|x64
		{263D011D-51A0-4DBC-B98D-AEA7CD55D2A6}.CoreRelease|x64.Build.0 = Release|x64
		{263D011D-51A0-4DBC-B98D-AEA7CD55D2A6}.CoreRelease|x86.ActiveCfg = Release|x86
		{263D011D-51A0-4DBC-B98D-AEA7CD55D2A6}.CoreRelease|x86.Build.0 = Release|x86
		{263D011D-51A0-4DBC-B98D-AEA7CD55D2A6}.Debug|Any CPU.ActiveCfg = Debug|Any CPU
		{263D011D-51A0-4DBC-B98D-AEA7CD55D2A6}.Debug|Any CPU.Build.0 = Debug|Any CPU
		{263D011D-51A0-4DBC-B98D-AEA7CD55D2A6}.Debug|x64.ActiveCfg = Debug|x64
		{263D011D-51A0-4DBC-B98D-AEA7CD55D2A6}.Debug|x64.Build.0 = Debug|x64
		{263D011D-51A0-4DBC-B98D-AEA7CD55D2A6}.Debug|x86.ActiveCfg = Debug|x86
		{263D011D-51A0-4DBC-B98D-AEA7CD55D2A6}.Debug|x86.Build.0 = Debug|x86
		{263D011D-51A0-4DBC-B98D-AEA7CD55D2A6}.Release|Any CPU.ActiveCfg = Release|Any CPU
		{263D011D-51A0-4DBC-B98D-AEA7CD55D2A6}.Release|Any CPU.Build.0 = Release|Any CPU
		{263D011D-51A0-4DBC-B98D-AEA7CD55D2A6}.Release|x64.ActiveCfg = Release|x64
		{263D011D-51A0-4DBC-B98D-AEA7CD55D2A6}.Release|x64.Build.0 = Release|x64
		{263D011D-51A0-4DBC-B98D-AEA7CD55D2A6}.Release|x86.ActiveCfg = Release|x86
		{263D011D-51A0-4DBC-B98D-AEA7CD55D2A6}.Release|x86.Build.0 = Release|x86
		{D4C9D23F-6E65-4EA9-84A1-4F5FC843DC9F}.CoreDebug|Any CPU.ActiveCfg = Debug|Any CPU
		{D4C9D23F-6E65-4EA9-84A1-4F5FC843DC9F}.CoreDebug|Any CPU.Build.0 = Debug|Any CPU
		{D4C9D23F-6E65-4EA9-84A1-4F5FC843DC9F}.CoreDebug|x64.ActiveCfg = Debug|x64
		{D4C9D23F-6E65-4EA9-84A1-4F5FC843DC9F}.CoreDebug|x64.Build.0 = Debug|x64
		{D4C9D23F-6E65-4EA9-84A1-4F5FC843DC9F}.CoreDebug|x86.ActiveCfg = Debug|x86
		{D4C9D23F-6E65-4EA9-84A1-4F5FC843DC9F}.CoreDebug|x86.Build.0 = Debug|x86
		{D4C9D23F-6E65-4EA9-84A1-4F5FC843DC9F}.CoreRelease|Any CPU.ActiveCfg = Release|Any CPU
		{D4C9D23F-6E65-4EA9-84A1-4F5FC843DC9F}.CoreRelease|Any CPU.Build.0 = Release|Any CPU
		{D4C9D23F-6E65-4EA9-84A1-4F5FC843DC9F}.CoreRelease|x64.ActiveCfg = Release|x64
		{D4C9D23F-6E65-4EA9-84A1-4F5FC843DC9F}.CoreRelease|x64.Build.0 = Release|x64
		{D4C9D23F-6E65-4EA9-84A1-4F5FC843DC9F}.CoreRelease|x86.ActiveCfg = Release|x86
		{D4C9D23F-6E65-4EA9-84A1-4F5FC843DC9F}.CoreRelease|x86.Build.0 = Release|x86
		{D4C9D23F-6E65-4EA9-84A1-4F5FC843DC9F}.Debug|Any CPU.ActiveCfg = Debug|Any CPU
		{D4C9D23F-6E65-4EA9-84A1-4F5FC843DC9F}.Debug|Any CPU.Build.0 = Debug|Any CPU
		{D4C9D23F-6E65-4EA9-84A1-4F5FC843DC9F}.Debug|x64.ActiveCfg = Debug|x64
		{D4C9D23F-6E65-4EA9-84A1-4F5FC843DC9F}.Debug|x64.Build.0 = Debug|x64
		{D4C9D23F-6E65-4EA9-84A1-4F5FC843DC9F}.Debug|x86.ActiveCfg = Debug|x86
		{D4C9D23F-6E65-4EA9-84A1-4F5FC843DC9F}.Debug|x86.Build.0 = Debug|x86
		{D4C9D23F-6E65-4EA9-84A1-4F5FC843DC9F}.Release|Any CPU.ActiveCfg = Release|Any CPU
		{D4C9D23F-6E65-4EA9-84A1-4F5FC843DC9F}.Release|Any CPU.Build.0 = Release|Any CPU
		{D4C9D23F-6E65-4EA9-84A1-4F5FC843DC9F}.Release|x64.ActiveCfg = Release|x64
		{D4C9D23F-6E65-4EA9-84A1-4F5FC843DC9F}.Release|x64.Build.0 = Release|x64
		{D4C9D23F-6E65-4EA9-84A1-4F5FC843DC9F}.Release|x86.ActiveCfg = Release|x86
		{D4C9D23F-6E65-4EA9-84A1-4F5FC843DC9F}.Release|x86.Build.0 = Release|x86
		{543D860D-A675-4A1E-8B6E-F56A9E9B4B0E}.CoreDebug|Any CPU.ActiveCfg = Debug|Any CPU
		{543D860D-A675-4A1E-8B6E-F56A9E9B4B0E}.CoreDebug|Any CPU.Build.0 = Debug|Any CPU
		{543D860D-A675-4A1E-8B6E-F56A9E9B4B0E}.CoreDebug|x64.ActiveCfg = Debug|x64
		{543D860D-A675-4A1E-8B6E-F56A9E9B4B0E}.CoreDebug|x64.Build.0 = Debug|x64
		{543D860D-A675-4A1E-8B6E-F56A9E9B4B0E}.CoreDebug|x86.ActiveCfg = Debug|x86
		{543D860D-A675-4A1E-8B6E-F56A9E9B4B0E}.CoreDebug|x86.Build.0 = Debug|x86
		{543D860D-A675-4A1E-8B6E-F56A9E9B4B0E}.CoreRelease|Any CPU.ActiveCfg = Debug|Any CPU
		{543D860D-A675-4A1E-8B6E-F56A9E9B4B0E}.CoreRelease|Any CPU.Build.0 = Debug|Any CPU
		{543D860D-A675-4A1E-8B6E-F56A9E9B4B0E}.CoreRelease|x64.ActiveCfg = Debug|x64
		{543D860D-A675-4A1E-8B6E-F56A9E9B4B0E}.CoreRelease|x64.Build.0 = Debug|x64
		{543D860D-A675-4A1E-8B6E-F56A9E9B4B0E}.CoreRelease|x86.ActiveCfg = Debug|x86
		{543D860D-A675-4A1E-8B6E-F56A9E9B4B0E}.CoreRelease|x86.Build.0 = Debug|x86
		{543D860D-A675-4A1E-8B6E-F56A9E9B4B0E}.Debug|Any CPU.ActiveCfg = Debug|Any CPU
		{543D860D-A675-4A1E-8B6E-F56A9E9B4B0E}.Debug|Any CPU.Build.0 = Debug|Any CPU
		{543D860D-A675-4A1E-8B6E-F56A9E9B4B0E}.Debug|x64.ActiveCfg = Debug|x64
		{543D860D-A675-4A1E-8B6E-F56A9E9B4B0E}.Debug|x64.Build.0 = Debug|x64
		{543D860D-A675-4A1E-8B6E-F56A9E9B4B0E}.Debug|x86.ActiveCfg = Debug|x86
		{543D860D-A675-4A1E-8B6E-F56A9E9B4B0E}.Debug|x86.Build.0 = Debug|x86
		{543D860D-A675-4A1E-8B6E-F56A9E9B4B0E}.Release|Any CPU.ActiveCfg = Release|Any CPU
		{543D860D-A675-4A1E-8B6E-F56A9E9B4B0E}.Release|Any CPU.Build.0 = Release|Any CPU
		{543D860D-A675-4A1E-8B6E-F56A9E9B4B0E}.Release|x64.ActiveCfg = Release|x64
		{543D860D-A675-4A1E-8B6E-F56A9E9B4B0E}.Release|x64.Build.0 = Release|x64
		{543D860D-A675-4A1E-8B6E-F56A9E9B4B0E}.Release|x86.ActiveCfg = Release|x86
		{543D860D-A675-4A1E-8B6E-F56A9E9B4B0E}.Release|x86.Build.0 = Release|x86
		{35BA7AA6-C5D3-4839-B84D-97C77682EA6B}.CoreDebug|Any CPU.ActiveCfg = Debug|Any CPU
		{35BA7AA6-C5D3-4839-B84D-97C77682EA6B}.CoreDebug|Any CPU.Build.0 = Debug|Any CPU
		{35BA7AA6-C5D3-4839-B84D-97C77682EA6B}.CoreDebug|x64.ActiveCfg = Debug|x64
		{35BA7AA6-C5D3-4839-B84D-97C77682EA6B}.CoreDebug|x64.Build.0 = Debug|x64
		{35BA7AA6-C5D3-4839-B84D-97C77682EA6B}.CoreDebug|x86.ActiveCfg = Debug|x86
		{35BA7AA6-C5D3-4839-B84D-97C77682EA6B}.CoreDebug|x86.Build.0 = Debug|x86
		{35BA7AA6-C5D3-4839-B84D-97C77682EA6B}.CoreRelease|Any CPU.ActiveCfg = Release|Any CPU
		{35BA7AA6-C5D3-4839-B84D-97C77682EA6B}.CoreRelease|Any CPU.Build.0 = Release|Any CPU
		{35BA7AA6-C5D3-4839-B84D-97C77682EA6B}.CoreRelease|x64.ActiveCfg = Release|x64
		{35BA7AA6-C5D3-4839-B84D-97C77682EA6B}.CoreRelease|x64.Build.0 = Release|x64
		{35BA7AA6-C5D3-4839-B84D-97C77682EA6B}.CoreRelease|x86.ActiveCfg = Release|x86
		{35BA7AA6-C5D3-4839-B84D-97C77682EA6B}.CoreRelease|x86.Build.0 = Release|x86
		{35BA7AA6-C5D3-4839-B84D-97C77682EA6B}.Debug|Any CPU.ActiveCfg = Debug|Any CPU
		{35BA7AA6-C5D3-4839-B84D-97C77682EA6B}.Debug|Any CPU.Build.0 = Debug|Any CPU
		{35BA7AA6-C5D3-4839-B84D-97C77682EA6B}.Debug|x64.ActiveCfg = Debug|x64
		{35BA7AA6-C5D3-4839-B84D-97C77682EA6B}.Debug|x64.Build.0 = Debug|x64
		{35BA7AA6-C5D3-4839-B84D-97C77682EA6B}.Debug|x86.ActiveCfg = Debug|x86
		{35BA7AA6-C5D3-4839-B84D-97C77682EA6B}.Debug|x86.Build.0 = Debug|x86
		{35BA7AA6-C5D3-4839-B84D-97C77682EA6B}.Release|Any CPU.ActiveCfg = Release|Any CPU
		{35BA7AA6-C5D3-4839-B84D-97C77682EA6B}.Release|Any CPU.Build.0 = Release|Any CPU
		{35BA7AA6-C5D3-4839-B84D-97C77682EA6B}.Release|x64.ActiveCfg = Release|x64
		{35BA7AA6-C5D3-4839-B84D-97C77682EA6B}.Release|x64.Build.0 = Release|x64
		{35BA7AA6-C5D3-4839-B84D-97C77682EA6B}.Release|x86.ActiveCfg = Release|x86
		{35BA7AA6-C5D3-4839-B84D-97C77682EA6B}.Release|x86.Build.0 = Release|x86
		{922D8D0B-27D0-4CA5-AE21-3E650B958B1A}.CoreDebug|Any CPU.ActiveCfg = Debug|Any CPU
		{922D8D0B-27D0-4CA5-AE21-3E650B958B1A}.CoreDebug|Any CPU.Build.0 = Debug|Any CPU
		{922D8D0B-27D0-4CA5-AE21-3E650B958B1A}.CoreDebug|x64.ActiveCfg = Debug|x64
		{922D8D0B-27D0-4CA5-AE21-3E650B958B1A}.CoreDebug|x64.Build.0 = Debug|x64
		{922D8D0B-27D0-4CA5-AE21-3E650B958B1A}.CoreDebug|x86.ActiveCfg = Debug|x86
		{922D8D0B-27D0-4CA5-AE21-3E650B958B1A}.CoreDebug|x86.Build.0 = Debug|x86
		{922D8D0B-27D0-4CA5-AE21-3E650B958B1A}.CoreRelease|Any CPU.ActiveCfg = Release|Any CPU
		{922D8D0B-27D0-4CA5-AE21-3E650B958B1A}.CoreRelease|Any CPU.Build.0 = Release|Any CPU
		{922D8D0B-27D0-4CA5-AE21-3E650B958B1A}.CoreRelease|x64.ActiveCfg = Release|x64
		{922D8D0B-27D0-4CA5-AE21-3E650B958B1A}.CoreRelease|x64.Build.0 = Release|x64
		{922D8D0B-27D0-4CA5-AE21-3E650B958B1A}.CoreRelease|x86.ActiveCfg = Release|x86
		{922D8D0B-27D0-4CA5-AE21-3E650B958B1A}.CoreRelease|x86.Build.0 = Release|x86
		{922D8D0B-27D0-4CA5-AE21-3E650B958B1A}.Debug|Any CPU.ActiveCfg = Debug|Any CPU
		{922D8D0B-27D0-4CA5-AE21-3E650B958B1A}.Debug|Any CPU.Build.0 = Debug|Any CPU
		{922D8D0B-27D0-4CA5-AE21-3E650B958B1A}.Debug|x64.ActiveCfg = Debug|x64
		{922D8D0B-27D0-4CA5-AE21-3E650B958B1A}.Debug|x64.Build.0 = Debug|x64
		{922D8D0B-27D0-4CA5-AE21-3E650B958B1A}.Debug|x86.ActiveCfg = Debug|x86
		{922D8D0B-27D0-4CA5-AE21-3E650B958B1A}.Debug|x86.Build.0 = Debug|x86
		{922D8D0B-27D0-4CA5-AE21-3E650B958B1A}.Release|Any CPU.ActiveCfg = Release|Any CPU
		{922D8D0B-27D0-4CA5-AE21-3E650B958B1A}.Release|Any CPU.Build.0 = Release|Any CPU
		{922D8D0B-27D0-4CA5-AE21-3E650B958B1A}.Release|x64.ActiveCfg = Release|x64
		{922D8D0B-27D0-4CA5-AE21-3E650B958B1A}.Release|x64.Build.0 = Release|x64
		{922D8D0B-27D0-4CA5-AE21-3E650B958B1A}.Release|x86.ActiveCfg = Release|x86
		{922D8D0B-27D0-4CA5-AE21-3E650B958B1A}.Release|x86.Build.0 = Release|x86
	EndGlobalSection
	GlobalSection(SolutionProperties) = preSolution
		HideSolutionNode = FALSE
	EndGlobalSection
	GlobalSection(NestedProjects) = preSolution
		{BC2687F3-B256-4EF8-AD16-ACA879A39ADB} = {4F7265A0-F3B3-4533-A8B4-34F024DFE675}
		{DB6892B3-8319-4B36-A1B9-E83E83DB37EF} = {4F7265A0-F3B3-4533-A8B4-34F024DFE675}
		{AF128118-DD68-4474-9CFA-540FB4810706} = {4F7265A0-F3B3-4533-A8B4-34F024DFE675}
		{6197F325-8482-42B1-8BF9-EFD1C410B244} = {4F7265A0-F3B3-4533-A8B4-34F024DFE675}
		{F3A46F9E-D48D-4EB6-BED3-5CE28AE710BC} = {4F7265A0-F3B3-4533-A8B4-34F024DFE675}
		{9B6E2706-D2EC-45B3-8015-740B7BA62490} = {4F7265A0-F3B3-4533-A8B4-34F024DFE675}
		{1819AA64-EB9B-400D-B811-9E3E234F6004} = {4F7265A0-F3B3-4533-A8B4-34F024DFE675}
		{CD893892-6938-448D-999F-D96BDCF60BB6} = {4F7265A0-F3B3-4533-A8B4-34F024DFE675}
		{2BF211E8-3907-4813-8E22-B2DED9ADA6E9} = {917022FE-ECCB-443B-8FBD-56CDECA86F26}
		{ED634EA5-DBA8-49B3-8216-73F55FDAFFE9} = {917022FE-ECCB-443B-8FBD-56CDECA86F26}
		{4CAFF57F-338A-4A87-8E3E-16106EBABAE5} = {917022FE-ECCB-443B-8FBD-56CDECA86F26}
		{F71B6AB1-25B1-4D92-A0A2-2ABFFDEA8BFF} = {917022FE-ECCB-443B-8FBD-56CDECA86F26}
		{8A145E60-3FAC-421B-9EBB-732F86A07395} = {B1E0D0DD-0F86-4654-8B51-51855A1F6625}
		{4E7B369D-7153-4236-8AB5-6B7237CB8EFF} = {B1E0D0DD-0F86-4654-8B51-51855A1F6625}
		{D86EE9B8-2AF1-4EC1-8529-DE74B0E59AA1} = {B1E0D0DD-0F86-4654-8B51-51855A1F6625}
		{7E67EDF8-349C-49D2-B38C-0C8EE53DF4B0} = {B1E0D0DD-0F86-4654-8B51-51855A1F6625}
		{6D84EDA8-5B3F-48DC-BED3-22104540108A} = {B1E0D0DD-0F86-4654-8B51-51855A1F6625}
		{8FFCE44C-8A03-4919-926B-40903A2F31B5} = {B1E0D0DD-0F86-4654-8B51-51855A1F6625}
		{7EAE4F67-307E-4C7E-90CA-04D7D621AF9E} = {B1E0D0DD-0F86-4654-8B51-51855A1F6625}
		{7E1761CF-EB4E-4250-83EB-70FF87D00913} = {B1E0D0DD-0F86-4654-8B51-51855A1F6625}
		{51D2AEB8-C299-46A2-9095-0AA602BB10EF} = {45D4A679-1AEE-4D87-BE00-3912E4D38C02}
		{69E20F69-047F-4B05-B244-F6C921757CCB} = {45D4A679-1AEE-4D87-BE00-3912E4D38C02}
		{263D011D-51A0-4DBC-B98D-AEA7CD55D2A6} = {45D4A679-1AEE-4D87-BE00-3912E4D38C02}
		{D4C9D23F-6E65-4EA9-84A1-4F5FC843DC9F} = {45D4A679-1AEE-4D87-BE00-3912E4D38C02}
		{543D860D-A675-4A1E-8B6E-F56A9E9B4B0E} = {45D4A679-1AEE-4D87-BE00-3912E4D38C02}
		{35BA7AA6-C5D3-4839-B84D-97C77682EA6B} = {4F7265A0-F3B3-4533-A8B4-34F024DFE675}
		{922D8D0B-27D0-4CA5-AE21-3E650B958B1A} = {45D4A679-1AEE-4D87-BE00-3912E4D38C02}
	EndGlobalSection
	GlobalSection(ExtensibilityGlobals) = postSolution
		SolutionGuid = {36A3B0E0-C633-4B28-9DDC-74CCA182EDBE}
	EndGlobalSection
EndGlobal
